
Microsoft Visual Studio Solution File, Format Version 12.00
Project("{2150E333-8FDC-42A3-9474-1A3956D46DE8}") = "Driven", "Driven", "{F3553D96-6EE2-4F54-8299-8B166DA4FE0D}"
EndProject
Project("{2150E333-8FDC-42A3-9474-1A3956D46DE8}") = "Driving", "Driving", "{71A4C664-2972-4143-95A8-FDF25D631A48}"
EndProject
Project("{2150E333-8FDC-42A3-9474-1A3956D46DE8}") = "Core", "Core", "{A9A243F4-C14F-4B2B-9459-C93454A8CDA9}"
EndProject
Project("{FAE04EC0-301F-11D3-BF4B-00C04F79EFBC}") = "EventDriven.Arch.Domain", "src\EventDriven.Arch.Domain\EventDriven.Arch.Domain.csproj", "{EF2A7119-EA1F-41C9-814F-46811E76D761}"
EndProject
Project("{FAE04EC0-301F-11D3-BF4B-00C04F79EFBC}") = "EventDriven.Arch.Application", "src\EventDriven.Arch.Application\EventDriven.Arch.Application.csproj", "{3FE5300C-69B6-4D21-BD8B-EF4DFA7F90B1}"
EndProject
Project("{FAE04EC0-301F-11D3-BF4B-00C04F79EFBC}") = "EventDriven.Arch.Driven.Infra.Data", "src\EventDriven.Arch.Driven.Infra.Data\EventDriven.Arch.Driven.Infra.Data.csproj", "{FA33EBD5-6E9E-4EB6-AAA0-2ABAEADD0D9B}"
EndProject
Project("{2150E333-8FDC-42A3-9474-1A3956D46DE8}") = "Tests", "Tests", "{4311E281-DC20-400C-BD0A-B582D711B873}"
EndProject
Project("{FAE04EC0-301F-11D3-BF4B-00C04F79EFBC}") = "EventDriven.Arch.Driving.Api", "src\EventDriven.Arch.Driving.Api\EventDriven.Arch.Driving.Api.csproj", "{19514FBE-CABE-4E86-83D1-499EE1A86444}"
EndProject
Project("{FAE04EC0-301F-11D3-BF4B-00C04F79EFBC}") = "EventDriven.Arch.Driven.Infra.Data.Unit.Test", "test\EventDriven.Arch.Driven.Infra.Data.Unit.Test\EventDriven.Arch.Driven.Infra.Data.Unit.Test.csproj", "{7EC83388-F175-4A85-B35E-0E719B801877}"
EndProject
Project("{FAE04EC0-301F-11D3-BF4B-00C04F79EFBC}") = "Optsol.EventDriven.Components.Core.Domain", "src\Optsol.EventDriven.Components.Core.Domain\Optsol.EventDriven.Components.Core.Domain.csproj", "{AF570556-715D-4DA0-9758-3834100520FA}"
EndProject
Project("{FAE04EC0-301F-11D3-BF4B-00C04F79EFBC}") = "Optsol.EventDriven.Components.Core.Application", "src\Optsol.EventDriven.Components.Core.Application\Optsol.EventDriven.Components.Core.Application.csproj", "{978E5C4D-8279-4180-B3F5-15B4EDA52974}"
EndProject
Project("{FAE04EC0-301F-11D3-BF4B-00C04F79EFBC}") = "Optsol.EventDriven.Components.Driven.Infra.Notification", "src\Optsol.EventDriven.Components.Driven.Infra.Notification\Optsol.EventDriven.Components.Driven.Infra.Notification.csproj", "{92D85F0A-A263-4D3B-B556-57E388EB3EBB}"
EndProject
Project("{FAE04EC0-301F-11D3-BF4B-00C04F79EFBC}") = "EventDriven.Arch.Driven.Infra.Data.MongoDb", "src\EventDriven.Arch.Driven.Infra.Data.MongoDb\EventDriven.Arch.Driven.Infra.Data.MongoDb.csproj", "{5CCEC207-5046-43C7-A5BE-D3B59D1F4381}"
EndProject
Project("{FAE04EC0-301F-11D3-BF4B-00C04F79EFBC}") = "Optsol.EventDriven.Components.Driven.Infra.Data", "src\Optsol.EventDriven.Components.Driven.Infra.Data\Optsol.EventDriven.Components.Driven.Infra.Data.csproj", "{AA69FB76-EFA6-454B-B81C-963F5953DEDA}"
EndProject
Project("{FAE04EC0-301F-11D3-BF4B-00C04F79EFBC}") = "Optsol.EventDriven.Components.Driven.Infra.Data.MongoDb", "src\Optsol.EventDriven.Components.Driven.Infra.Data.MongoDb\Optsol.EventDriven.Components.Driven.Infra.Data.MongoDb.csproj", "{EC31DCDE-BB65-4272-B34E-43D416EB35C8}"
EndProject
Project("{FAE04EC0-301F-11D3-BF4B-00C04F79EFBC}") = "EventDriven.Arch.Driving.Beneficiarios", "EventDriven.Arch.Driving.Beneficiarios\EventDriven.Arch.Driving.Beneficiarios.csproj", "{9F49066B-3FE9-43DD-8FD4-00FF126C7309}"
EndProject
Project("{FAE04EC0-301F-11D3-BF4B-00C04F79EFBC}") = "EventDriven.Arch.Driving.ConsoleApp", "EventDriven.Arch.Driving.ConsoleApp\EventDriven.Arch.Driving.ConsoleApp.csproj", "{C5D02E77-FFB7-435B-82CB-4D5B881215F1}"
EndProject
Project("{2150E333-8FDC-42A3-9474-1A3956D46DE8}") = "2 - SDK", "2 - SDK", "{9E653BCC-D992-44D4-BA54-1279D88188B6}"
EndProject
Project("{2150E333-8FDC-42A3-9474-1A3956D46DE8}") = "1 - Sample", "1 - Sample", "{86B599DF-A3DC-4193-A6A9-59CE0D3AA908}"
EndProject
Project("{2150E333-8FDC-42A3-9474-1A3956D46DE8}") = "Core", "Core", "{D036F555-0391-4DB9-B175-DB79A3C5A8AB}"
EndProject
Project("{2150E333-8FDC-42A3-9474-1A3956D46DE8}") = "Driven", "Driven", "{6067C2D8-CCC7-4F44-9290-05A08E6D08E0}"
EndProject
Project("{2150E333-8FDC-42A3-9474-1A3956D46DE8}") = "Driving", "Driving", "{211716F5-018A-43CC-B37D-4C727293BC64}"
EndProject
Project("{2150E333-8FDC-42A3-9474-1A3956D46DE8}") = "Tests", "Tests", "{DEEA5D50-93AC-4181-8428-07B7AD31B714}"
EndProject
Global
	GlobalSection(SolutionConfigurationPlatforms) = preSolution
		Debug|Any CPU = Debug|Any CPU
		Release|Any CPU = Release|Any CPU
	EndGlobalSection
	GlobalSection(NestedProjects) = preSolution
		{7EC83388-F175-4A85-B35E-0E719B801877} = {4311E281-DC20-400C-BD0A-B582D711B873}
		{AF570556-715D-4DA0-9758-3834100520FA} = {A9A243F4-C14F-4B2B-9459-C93454A8CDA9}
		{978E5C4D-8279-4180-B3F5-15B4EDA52974} = {A9A243F4-C14F-4B2B-9459-C93454A8CDA9}
		{92D85F0A-A263-4D3B-B556-57E388EB3EBB} = {F3553D96-6EE2-4F54-8299-8B166DA4FE0D}
		{AA69FB76-EFA6-454B-B81C-963F5953DEDA} = {F3553D96-6EE2-4F54-8299-8B166DA4FE0D}
		{EC31DCDE-BB65-4272-B34E-43D416EB35C8} = {F3553D96-6EE2-4F54-8299-8B166DA4FE0D}
		{D036F555-0391-4DB9-B175-DB79A3C5A8AB} = {86B599DF-A3DC-4193-A6A9-59CE0D3AA908}
		{6067C2D8-CCC7-4F44-9290-05A08E6D08E0} = {86B599DF-A3DC-4193-A6A9-59CE0D3AA908}
		{211716F5-018A-43CC-B37D-4C727293BC64} = {86B599DF-A3DC-4193-A6A9-59CE0D3AA908}
		{DEEA5D50-93AC-4181-8428-07B7AD31B714} = {86B599DF-A3DC-4193-A6A9-59CE0D3AA908}
		{3FE5300C-69B6-4D21-BD8B-EF4DFA7F90B1} = {D036F555-0391-4DB9-B175-DB79A3C5A8AB}
		{EF2A7119-EA1F-41C9-814F-46811E76D761} = {D036F555-0391-4DB9-B175-DB79A3C5A8AB}
		{FA33EBD5-6E9E-4EB6-AAA0-2ABAEADD0D9B} = {6067C2D8-CCC7-4F44-9290-05A08E6D08E0}
		{5CCEC207-5046-43C7-A5BE-D3B59D1F4381} = {6067C2D8-CCC7-4F44-9290-05A08E6D08E0}
		{19514FBE-CABE-4E86-83D1-499EE1A86444} = {211716F5-018A-43CC-B37D-4C727293BC64}
		{9F49066B-3FE9-43DD-8FD4-00FF126C7309} = {211716F5-018A-43CC-B37D-4C727293BC64}
		{C5D02E77-FFB7-435B-82CB-4D5B881215F1} = {211716F5-018A-43CC-B37D-4C727293BC64}
		{A9A243F4-C14F-4B2B-9459-C93454A8CDA9} = {9E653BCC-D992-44D4-BA54-1279D88188B6}
		{F3553D96-6EE2-4F54-8299-8B166DA4FE0D} = {9E653BCC-D992-44D4-BA54-1279D88188B6}
		{71A4C664-2972-4143-95A8-FDF25D631A48} = {9E653BCC-D992-44D4-BA54-1279D88188B6}
		{4311E281-DC20-400C-BD0A-B582D711B873} = {9E653BCC-D992-44D4-BA54-1279D88188B6}
	EndGlobalSection
	GlobalSection(ProjectConfigurationPlatforms) = postSolution
		{EF2A7119-EA1F-41C9-814F-46811E76D761}.Debug|Any CPU.ActiveCfg = Debug|Any CPU
		{EF2A7119-EA1F-41C9-814F-46811E76D761}.Debug|Any CPU.Build.0 = Debug|Any CPU
		{EF2A7119-EA1F-41C9-814F-46811E76D761}.Release|Any CPU.ActiveCfg = Release|Any CPU
		{EF2A7119-EA1F-41C9-814F-46811E76D761}.Release|Any CPU.Build.0 = Release|Any CPU
		{3FE5300C-69B6-4D21-BD8B-EF4DFA7F90B1}.Debug|Any CPU.ActiveCfg = Debug|Any CPU
		{3FE5300C-69B6-4D21-BD8B-EF4DFA7F90B1}.Debug|Any CPU.Build.0 = Debug|Any CPU
		{3FE5300C-69B6-4D21-BD8B-EF4DFA7F90B1}.Release|Any CPU.ActiveCfg = Release|Any CPU
		{3FE5300C-69B6-4D21-BD8B-EF4DFA7F90B1}.Release|Any CPU.Build.0 = Release|Any CPU
		{FA33EBD5-6E9E-4EB6-AAA0-2ABAEADD0D9B}.Debug|Any CPU.ActiveCfg = Debug|Any CPU
		{FA33EBD5-6E9E-4EB6-AAA0-2ABAEADD0D9B}.Debug|Any CPU.Build.0 = Debug|Any CPU
		{FA33EBD5-6E9E-4EB6-AAA0-2ABAEADD0D9B}.Release|Any CPU.ActiveCfg = Release|Any CPU
		{FA33EBD5-6E9E-4EB6-AAA0-2ABAEADD0D9B}.Release|Any CPU.Build.0 = Release|Any CPU
		{19514FBE-CABE-4E86-83D1-499EE1A86444}.Debug|Any CPU.ActiveCfg = Debug|Any CPU
		{19514FBE-CABE-4E86-83D1-499EE1A86444}.Debug|Any CPU.Build.0 = Debug|Any CPU
		{19514FBE-CABE-4E86-83D1-499EE1A86444}.Release|Any CPU.ActiveCfg = Release|Any CPU
		{19514FBE-CABE-4E86-83D1-499EE1A86444}.Release|Any CPU.Build.0 = Release|Any CPU
		{7EC83388-F175-4A85-B35E-0E719B801877}.Debug|Any CPU.ActiveCfg = Debug|Any CPU
		{7EC83388-F175-4A85-B35E-0E719B801877}.Debug|Any CPU.Build.0 = Debug|Any CPU
		{7EC83388-F175-4A85-B35E-0E719B801877}.Release|Any CPU.ActiveCfg = Release|Any CPU
		{7EC83388-F175-4A85-B35E-0E719B801877}.Release|Any CPU.Build.0 = Release|Any CPU
		{AF570556-715D-4DA0-9758-3834100520FA}.Debug|Any CPU.ActiveCfg = Debug|Any CPU
		{AF570556-715D-4DA0-9758-3834100520FA}.Debug|Any CPU.Build.0 = Debug|Any CPU
		{AF570556-715D-4DA0-9758-3834100520FA}.Release|Any CPU.ActiveCfg = Release|Any CPU
		{AF570556-715D-4DA0-9758-3834100520FA}.Release|Any CPU.Build.0 = Release|Any CPU
		{978E5C4D-8279-4180-B3F5-15B4EDA52974}.Debug|Any CPU.ActiveCfg = Debug|Any CPU
		{978E5C4D-8279-4180-B3F5-15B4EDA52974}.Debug|Any CPU.Build.0 = Debug|Any CPU
		{978E5C4D-8279-4180-B3F5-15B4EDA52974}.Release|Any CPU.ActiveCfg = Release|Any CPU
		{978E5C4D-8279-4180-B3F5-15B4EDA52974}.Release|Any CPU.Build.0 = Release|Any CPU
		{92D85F0A-A263-4D3B-B556-57E388EB3EBB}.Debug|Any CPU.ActiveCfg = Debug|Any CPU
		{92D85F0A-A263-4D3B-B556-57E388EB3EBB}.Debug|Any CPU.Build.0 = Debug|Any CPU
		{92D85F0A-A263-4D3B-B556-57E388EB3EBB}.Release|Any CPU.ActiveCfg = Release|Any CPU
		{92D85F0A-A263-4D3B-B556-57E388EB3EBB}.Release|Any CPU.Build.0 = Release|Any CPU
		{5CCEC207-5046-43C7-A5BE-D3B59D1F4381}.Debug|Any CPU.ActiveCfg = Debug|Any CPU
		{5CCEC207-5046-43C7-A5BE-D3B59D1F4381}.Debug|Any CPU.Build.0 = Debug|Any CPU
		{5CCEC207-5046-43C7-A5BE-D3B59D1F4381}.Release|Any CPU.ActiveCfg = Release|Any CPU
		{5CCEC207-5046-43C7-A5BE-D3B59D1F4381}.Release|Any CPU.Build.0 = Release|Any CPU
		{AA69FB76-EFA6-454B-B81C-963F5953DEDA}.Debug|Any CPU.ActiveCfg = Debug|Any CPU
		{AA69FB76-EFA6-454B-B81C-963F5953DEDA}.Debug|Any CPU.Build.0 = Debug|Any CPU
		{AA69FB76-EFA6-454B-B81C-963F5953DEDA}.Release|Any CPU.ActiveCfg = Release|Any CPU
		{AA69FB76-EFA6-454B-B81C-963F5953DEDA}.Release|Any CPU.Build.0 = Release|Any CPU
		{EC31DCDE-BB65-4272-B34E-43D416EB35C8}.Debug|Any CPU.ActiveCfg = Debug|Any CPU
		{EC31DCDE-BB65-4272-B34E-43D416EB35C8}.Debug|Any CPU.Build.0 = Debug|Any CPU
		{EC31DCDE-BB65-4272-B34E-43D416EB35C8}.Release|Any CPU.ActiveCfg = Release|Any CPU
		{EC31DCDE-BB65-4272-B34E-43D416EB35C8}.Release|Any CPU.Build.0 = Release|Any CPU
		{9F49066B-3FE9-43DD-8FD4-00FF126C7309}.Debug|Any CPU.ActiveCfg = Debug|Any CPU
		{9F49066B-3FE9-43DD-8FD4-00FF126C7309}.Debug|Any CPU.Build.0 = Debug|Any CPU
		{9F49066B-3FE9-43DD-8FD4-00FF126C7309}.Release|Any CPU.ActiveCfg = Release|Any CPU
		{9F49066B-3FE9-43DD-8FD4-00FF126C7309}.Release|Any CPU.Build.0 = Release|Any CPU
		{C5D02E77-FFB7-435B-82CB-4D5B881215F1}.Debug|Any CPU.ActiveCfg = Debug|Any CPU
		{C5D02E77-FFB7-435B-82CB-4D5B881215F1}.Debug|Any CPU.Build.0 = Debug|Any CPU
		{C5D02E77-FFB7-435B-82CB-4D5B881215F1}.Release|Any CPU.ActiveCfg = Release|Any CPU
		{C5D02E77-FFB7-435B-82CB-4D5B881215F1}.Release|Any CPU.Build.0 = Release|Any CPU
	EndGlobalSection
EndGlobal
