
Microsoft Visual Studio Solution File, Format Version 12.00
Project("{2150E333-8FDC-42A3-9474-1A3956D46DE8}") = "Driven", "Driven", "{F3553D96-6EE2-4F54-8299-8B166DA4FE0D}"
EndProject
Project("{2150E333-8FDC-42A3-9474-1A3956D46DE8}") = "Driving", "Driving", "{71A4C664-2972-4143-95A8-FDF25D631A48}"
EndProject
Project("{2150E333-8FDC-42A3-9474-1A3956D46DE8}") = "Core", "Core", "{A9A243F4-C14F-4B2B-9459-C93454A8CDA9}"
EndProject
Project("{FAE04EC0-301F-11D3-BF4B-00C04F79EFBC}") = "EventDriven.Arch.Domain", "src\EventDriven.Arch.Domain\EventDriven.Arch.Domain.csproj", "{EF2A7119-EA1F-41C9-814F-46811E76D761}"
EndProject
Project("{FAE04EC0-301F-11D3-BF4B-00C04F79EFBC}") = "EventDriven.Arch.Application", "src\EventDriven.Arch.Application\EventDriven.Arch.Application.csproj", "{3FE5300C-69B6-4D21-BD8B-EF4DFA7F90B1}"
EndProject
Project("{FAE04EC0-301F-11D3-BF4B-00C04F79EFBC}") = "EventDriven.Arch.Driven.Infra.Data", "src\EventDriven.Arch.Driven.Infra.Data\EventDriven.Arch.Driven.Infra.Data.csproj", "{FA33EBD5-6E9E-4EB6-AAA0-2ABAEADD0D9B}"
EndProject
Project("{2150E333-8FDC-42A3-9474-1A3956D46DE8}") = "Tests", "Tests", "{4311E281-DC20-400C-BD0A-B582D711B873}"
EndProject
Project("{FAE04EC0-301F-11D3-BF4B-00C04F79EFBC}") = "EventDriven.Arch.Driving.Api", "src\EventDriven.Arch.Driving.Api\EventDriven.Arch.Driving.Api.csproj", "{19514FBE-CABE-4E86-83D1-499EE1A86444}"
EndProject
Project("{FAE04EC0-301F-11D3-BF4B-00C04F79EFBC}") = "EventDriven.Arch.Driven.Infra.Data.Unit.Test", "test\EventDriven.Arch.Driven.Infra.Data.Unit.Test\EventDriven.Arch.Driven.Infra.Data.Unit.Test.csproj", "{7EC83388-F175-4A85-B35E-0E719B801877}"
EndProject
Project("{FAE04EC0-301F-11D3-BF4B-00C04F79EFBC}") = "NegotiationServer", "src\EventDriven.Arch.Driving.NegotiateServer\NegotiationServer.csproj", "{082C0B6A-668A-4D3E-8887-75F391A72534}"
EndProject
Project("{FAE04EC0-301F-11D3-BF4B-00C04F79EFBC}") = "EventDriven.Arch.Driving.MvcClient", "src\EventDriven.Arch.Driving.MvcClient\EventDriven.Arch.Driving.MvcClient.csproj", "{2C4D4F47-B75E-4A7E-8C27-F4AB7950F830}"
EndProject
Project("{FAE04EC0-301F-11D3-BF4B-00C04F79EFBC}") = "Optsol.EventDriven.Components.Core.Domain", "src\Optsol.EventDriven.Components.Core.Domain\Optsol.EventDriven.Components.Core.Domain.csproj", "{AF570556-715D-4DA0-9758-3834100520FA}"
EndProject
Project("{FAE04EC0-301F-11D3-BF4B-00C04F79EFBC}") = "Optsol.EventDriven.Components.Core.Application", "src\Optsol.EventDriven.Components.Core.Application\Optsol.EventDriven.Components.Core.Application.csproj", "{978E5C4D-8279-4180-B3F5-15B4EDA52974}"
EndProject
Project("{FAE04EC0-301F-11D3-BF4B-00C04F79EFBC}") = "Optsol.EventDriven.Components.Driven.Infra.Data.Notification", "src\Optsol.EventDriven.Components.Driven.Infra.Data.Notification\Optsol.EventDriven.Components.Driven.Infra.Data.Notification.csproj", "{92D85F0A-A263-4D3B-B556-57E388EB3EBB}"
EndProject
Global
	GlobalSection(SolutionConfigurationPlatforms) = preSolution
		Debug|Any CPU = Debug|Any CPU
		Release|Any CPU = Release|Any CPU
	EndGlobalSection
	GlobalSection(NestedProjects) = preSolution
		{EF2A7119-EA1F-41C9-814F-46811E76D761} = {A9A243F4-C14F-4B2B-9459-C93454A8CDA9}
		{3FE5300C-69B6-4D21-BD8B-EF4DFA7F90B1} = {A9A243F4-C14F-4B2B-9459-C93454A8CDA9}
		{FA33EBD5-6E9E-4EB6-AAA0-2ABAEADD0D9B} = {F3553D96-6EE2-4F54-8299-8B166DA4FE0D}
		{19514FBE-CABE-4E86-83D1-499EE1A86444} = {71A4C664-2972-4143-95A8-FDF25D631A48}
		{7EC83388-F175-4A85-B35E-0E719B801877} = {4311E281-DC20-400C-BD0A-B582D711B873}
		{082C0B6A-668A-4D3E-8887-75F391A72534} = {71A4C664-2972-4143-95A8-FDF25D631A48}
		{2C4D4F47-B75E-4A7E-8C27-F4AB7950F830} = {71A4C664-2972-4143-95A8-FDF25D631A48}
		{AF570556-715D-4DA0-9758-3834100520FA} = {A9A243F4-C14F-4B2B-9459-C93454A8CDA9}
		{978E5C4D-8279-4180-B3F5-15B4EDA52974} = {A9A243F4-C14F-4B2B-9459-C93454A8CDA9}
		{92D85F0A-A263-4D3B-B556-57E388EB3EBB} = {F3553D96-6EE2-4F54-8299-8B166DA4FE0D}
	EndGlobalSection
	GlobalSection(ProjectConfigurationPlatforms) = postSolution
		{EF2A7119-EA1F-41C9-814F-46811E76D761}.Debug|Any CPU.ActiveCfg = Debug|Any CPU
		{EF2A7119-EA1F-41C9-814F-46811E76D761}.Debug|Any CPU.Build.0 = Debug|Any CPU
		{EF2A7119-EA1F-41C9-814F-46811E76D761}.Release|Any CPU.ActiveCfg = Release|Any CPU
		{EF2A7119-EA1F-41C9-814F-46811E76D761}.Release|Any CPU.Build.0 = Release|Any CPU
		{3FE5300C-69B6-4D21-BD8B-EF4DFA7F90B1}.Debug|Any CPU.ActiveCfg = Debug|Any CPU
		{3FE5300C-69B6-4D21-BD8B-EF4DFA7F90B1}.Debug|Any CPU.Build.0 = Debug|Any CPU
		{3FE5300C-69B6-4D21-BD8B-EF4DFA7F90B1}.Release|Any CPU.ActiveCfg = Release|Any CPU
		{3FE5300C-69B6-4D21-BD8B-EF4DFA7F90B1}.Release|Any CPU.Build.0 = Release|Any CPU
		{FA33EBD5-6E9E-4EB6-AAA0-2ABAEADD0D9B}.Debug|Any CPU.ActiveCfg = Debug|Any CPU
		{FA33EBD5-6E9E-4EB6-AAA0-2ABAEADD0D9B}.Debug|Any CPU.Build.0 = Debug|Any CPU
		{FA33EBD5-6E9E-4EB6-AAA0-2ABAEADD0D9B}.Release|Any CPU.ActiveCfg = Release|Any CPU
		{FA33EBD5-6E9E-4EB6-AAA0-2ABAEADD0D9B}.Release|Any CPU.Build.0 = Release|Any CPU
		{19514FBE-CABE-4E86-83D1-499EE1A86444}.Debug|Any CPU.ActiveCfg = Debug|Any CPU
		{19514FBE-CABE-4E86-83D1-499EE1A86444}.Debug|Any CPU.Build.0 = Debug|Any CPU
		{19514FBE-CABE-4E86-83D1-499EE1A86444}.Release|Any CPU.ActiveCfg = Release|Any CPU
		{19514FBE-CABE-4E86-83D1-499EE1A86444}.Release|Any CPU.Build.0 = Release|Any CPU
		{7EC83388-F175-4A85-B35E-0E719B801877}.Debug|Any CPU.ActiveCfg = Debug|Any CPU
		{7EC83388-F175-4A85-B35E-0E719B801877}.Debug|Any CPU.Build.0 = Debug|Any CPU
		{7EC83388-F175-4A85-B35E-0E719B801877}.Release|Any CPU.ActiveCfg = Release|Any CPU
		{7EC83388-F175-4A85-B35E-0E719B801877}.Release|Any CPU.Build.0 = Release|Any CPU
		{082C0B6A-668A-4D3E-8887-75F391A72534}.Debug|Any CPU.ActiveCfg = Debug|Any CPU
		{082C0B6A-668A-4D3E-8887-75F391A72534}.Debug|Any CPU.Build.0 = Debug|Any CPU
		{082C0B6A-668A-4D3E-8887-75F391A72534}.Release|Any CPU.ActiveCfg = Release|Any CPU
		{082C0B6A-668A-4D3E-8887-75F391A72534}.Release|Any CPU.Build.0 = Release|Any CPU
		{2C4D4F47-B75E-4A7E-8C27-F4AB7950F830}.Debug|Any CPU.ActiveCfg = Debug|Any CPU
		{2C4D4F47-B75E-4A7E-8C27-F4AB7950F830}.Debug|Any CPU.Build.0 = Debug|Any CPU
		{2C4D4F47-B75E-4A7E-8C27-F4AB7950F830}.Release|Any CPU.ActiveCfg = Release|Any CPU
		{2C4D4F47-B75E-4A7E-8C27-F4AB7950F830}.Release|Any CPU.Build.0 = Release|Any CPU
		{AF570556-715D-4DA0-9758-3834100520FA}.Debug|Any CPU.ActiveCfg = Debug|Any CPU
		{AF570556-715D-4DA0-9758-3834100520FA}.Debug|Any CPU.Build.0 = Debug|Any CPU
		{AF570556-715D-4DA0-9758-3834100520FA}.Release|Any CPU.ActiveCfg = Release|Any CPU
		{AF570556-715D-4DA0-9758-3834100520FA}.Release|Any CPU.Build.0 = Release|Any CPU
		{978E5C4D-8279-4180-B3F5-15B4EDA52974}.Debug|Any CPU.ActiveCfg = Debug|Any CPU
		{978E5C4D-8279-4180-B3F5-15B4EDA52974}.Debug|Any CPU.Build.0 = Debug|Any CPU
		{978E5C4D-8279-4180-B3F5-15B4EDA52974}.Release|Any CPU.ActiveCfg = Release|Any CPU
		{978E5C4D-8279-4180-B3F5-15B4EDA52974}.Release|Any CPU.Build.0 = Release|Any CPU
		{92D85F0A-A263-4D3B-B556-57E388EB3EBB}.Debug|Any CPU.ActiveCfg = Debug|Any CPU
		{92D85F0A-A263-4D3B-B556-57E388EB3EBB}.Debug|Any CPU.Build.0 = Debug|Any CPU
		{92D85F0A-A263-4D3B-B556-57E388EB3EBB}.Release|Any CPU.ActiveCfg = Release|Any CPU
		{92D85F0A-A263-4D3B-B556-57E388EB3EBB}.Release|Any CPU.Build.0 = Release|Any CPU
	EndGlobalSection
EndGlobal
