
Microsoft Visual Studio Solution File, Format Version 12.00
Project("{2150E333-8FDC-42A3-9474-1A3956D46DE8}") = "Driven", "Driven", "{F3553D96-6EE2-4F54-8299-8B166DA4FE0D}"
EndProject
Project("{2150E333-8FDC-42A3-9474-1A3956D46DE8}") = "Driving", "Driving", "{71A4C664-2972-4143-95A8-FDF25D631A48}"
EndProject
Project("{2150E333-8FDC-42A3-9474-1A3956D46DE8}") = "Core", "Core", "{A9A243F4-C14F-4B2B-9459-C93454A8CDA9}"
EndProject
Project("{FAE04EC0-301F-11D3-BF4B-00C04F79EFBC}") = "EventDriven.Arch.Domain", "src\EventDriven.Arch.Domain\EventDriven.Arch.Domain.csproj", "{EF2A7119-EA1F-41C9-814F-46811E76D761}"
EndProject
Project("{FAE04EC0-301F-11D3-BF4B-00C04F79EFBC}") = "EventDriven.Arch.Application", "src\EventDriven.Arch.Application\EventDriven.Arch.Application.csproj", "{3FE5300C-69B6-4D21-BD8B-EF4DFA7F90B1}"
EndProject
Project("{FAE04EC0-301F-11D3-BF4B-00C04F79EFBC}") = "EventDriven.Arch.Driven.Infra.Data", "src\EventDriven.Arch.Driven.Infra.Data\EventDriven.Arch.Driven.Infra.Data.csproj", "{FA33EBD5-6E9E-4EB6-AAA0-2ABAEADD0D9B}"
EndProject
Project("{2150E333-8FDC-42A3-9474-1A3956D46DE8}") = "Tests", "Tests", "{4311E281-DC20-400C-BD0A-B582D711B873}"
EndProject
Project("{FAE04EC0-301F-11D3-BF4B-00C04F79EFBC}") = "EventDrive.Arch.Driving.Api", "src\EventDrive.Arch.Driving.Api\EventDrive.Arch.Driving.Api.csproj", "{19514FBE-CABE-4E86-83D1-499EE1A86444}"
EndProject
Project("{FAE04EC0-301F-11D3-BF4B-00C04F79EFBC}") = "EventDriven.Arch.Driven.Infra.Data.Unit.Test", "test\EventDriven.Arch.Driven.Infra.Data.Unit.Test\EventDriven.Arch.Driven.Infra.Data.Unit.Test.csproj", "{7EC83388-F175-4A85-B35E-0E719B801877}"
EndProject
Global
	GlobalSection(SolutionConfigurationPlatforms) = preSolution
		Debug|Any CPU = Debug|Any CPU
		Release|Any CPU = Release|Any CPU
	EndGlobalSection
	GlobalSection(NestedProjects) = preSolution
		{EF2A7119-EA1F-41C9-814F-46811E76D761} = {A9A243F4-C14F-4B2B-9459-C93454A8CDA9}
		{3FE5300C-69B6-4D21-BD8B-EF4DFA7F90B1} = {A9A243F4-C14F-4B2B-9459-C93454A8CDA9}
		{FA33EBD5-6E9E-4EB6-AAA0-2ABAEADD0D9B} = {F3553D96-6EE2-4F54-8299-8B166DA4FE0D}
		{19514FBE-CABE-4E86-83D1-499EE1A86444} = {71A4C664-2972-4143-95A8-FDF25D631A48}
		{7EC83388-F175-4A85-B35E-0E719B801877} = {4311E281-DC20-400C-BD0A-B582D711B873}
	EndGlobalSection
	GlobalSection(ProjectConfigurationPlatforms) = postSolution
		{EF2A7119-EA1F-41C9-814F-46811E76D761}.Debug|Any CPU.ActiveCfg = Debug|Any CPU
		{EF2A7119-EA1F-41C9-814F-46811E76D761}.Debug|Any CPU.Build.0 = Debug|Any CPU
		{EF2A7119-EA1F-41C9-814F-46811E76D761}.Release|Any CPU.ActiveCfg = Release|Any CPU
		{EF2A7119-EA1F-41C9-814F-46811E76D761}.Release|Any CPU.Build.0 = Release|Any CPU
		{3FE5300C-69B6-4D21-BD8B-EF4DFA7F90B1}.Debug|Any CPU.ActiveCfg = Debug|Any CPU
		{3FE5300C-69B6-4D21-BD8B-EF4DFA7F90B1}.Debug|Any CPU.Build.0 = Debug|Any CPU
		{3FE5300C-69B6-4D21-BD8B-EF4DFA7F90B1}.Release|Any CPU.ActiveCfg = Release|Any CPU
		{3FE5300C-69B6-4D21-BD8B-EF4DFA7F90B1}.Release|Any CPU.Build.0 = Release|Any CPU
		{FA33EBD5-6E9E-4EB6-AAA0-2ABAEADD0D9B}.Debug|Any CPU.ActiveCfg = Debug|Any CPU
		{FA33EBD5-6E9E-4EB6-AAA0-2ABAEADD0D9B}.Debug|Any CPU.Build.0 = Debug|Any CPU
		{FA33EBD5-6E9E-4EB6-AAA0-2ABAEADD0D9B}.Release|Any CPU.ActiveCfg = Release|Any CPU
		{FA33EBD5-6E9E-4EB6-AAA0-2ABAEADD0D9B}.Release|Any CPU.Build.0 = Release|Any CPU
		{19514FBE-CABE-4E86-83D1-499EE1A86444}.Debug|Any CPU.ActiveCfg = Debug|Any CPU
		{19514FBE-CABE-4E86-83D1-499EE1A86444}.Debug|Any CPU.Build.0 = Debug|Any CPU
		{19514FBE-CABE-4E86-83D1-499EE1A86444}.Release|Any CPU.ActiveCfg = Release|Any CPU
		{19514FBE-CABE-4E86-83D1-499EE1A86444}.Release|Any CPU.Build.0 = Release|Any CPU
		{7EC83388-F175-4A85-B35E-0E719B801877}.Debug|Any CPU.ActiveCfg = Debug|Any CPU
		{7EC83388-F175-4A85-B35E-0E719B801877}.Debug|Any CPU.Build.0 = Debug|Any CPU
		{7EC83388-F175-4A85-B35E-0E719B801877}.Release|Any CPU.ActiveCfg = Release|Any CPU
		{7EC83388-F175-4A85-B35E-0E719B801877}.Release|Any CPU.Build.0 = Release|Any CPU
	EndGlobalSection
EndGlobal
