
Microsoft Visual Studio Solution File, Format Version 12.00
# Visual Studio Version 17
VisualStudioVersion = 17.0.31903.59
MinimumVisualStudioVersion = 10.0.40219.1
Project("{2150E333-8FDC-42A3-9474-1A3956D46DE8}") = "Driven", "Driven", "{F3553D96-6EE2-4F54-8299-8B166DA4FE0D}"
EndProject
Project("{2150E333-8FDC-42A3-9474-1A3956D46DE8}") = "Driving", "Driving", "{71A4C664-2972-4143-95A8-FDF25D631A48}"
EndProject
Project("{2150E333-8FDC-42A3-9474-1A3956D46DE8}") = "Core", "Core", "{A9A243F4-C14F-4B2B-9459-C93454A8CDA9}"
EndProject
Project("{2150E333-8FDC-42A3-9474-1A3956D46DE8}") = "Tests", "Tests", "{4311E281-DC20-400C-BD0A-B582D711B873}"
EndProject
Project("{9A19103F-16F7-4668-BE54-9A1E7A4F7556}") = "Optsol.EventDriven.Components.Core.Domain", "src\Optsol.EventDriven.Components.Core.Domain\Optsol.EventDriven.Components.Core.Domain.csproj", "{AF570556-715D-4DA0-9758-3834100520FA}"
EndProject
Project("{9A19103F-16F7-4668-BE54-9A1E7A4F7556}") = "Optsol.EventDriven.Components.Core.Application", "src\Optsol.EventDriven.Components.Core.Application\Optsol.EventDriven.Components.Core.Application.csproj", "{978E5C4D-8279-4180-B3F5-15B4EDA52974}"
EndProject
Project("{9A19103F-16F7-4668-BE54-9A1E7A4F7556}") = "Optsol.EventDriven.Components.Driven.Infra.Data", "src\Optsol.EventDriven.Components.Driven.Infra.Data\Optsol.EventDriven.Components.Driven.Infra.Data.csproj", "{AA69FB76-EFA6-454B-B81C-963F5953DEDA}"
EndProject
Project("{9A19103F-16F7-4668-BE54-9A1E7A4F7556}") = "Optsol.EventDriven.Components.Driven.Infra.Data.MongoDb", "src\Optsol.EventDriven.Components.Driven.Infra.Data.MongoDb\Optsol.EventDriven.Components.Driven.Infra.Data.MongoDb.csproj", "{EC31DCDE-BB65-4272-B34E-43D416EB35C8}"
EndProject
Project("{2150E333-8FDC-42A3-9474-1A3956D46DE8}") = "2 - SDK", "2 - SDK", "{9E653BCC-D992-44D4-BA54-1279D88188B6}"
EndProject
Project("{2150E333-8FDC-42A3-9474-1A3956D46DE8}") = "1 - Sample", "1 - Sample", "{86B599DF-A3DC-4193-A6A9-59CE0D3AA908}"
EndProject
Project("{9A19103F-16F7-4668-BE54-9A1E7A4F7556}") = "EventDriven.Arch.Application", "playground\EventDriven.Arch.Application\EventDriven.Arch.Application.csproj", "{FD308FC8-1B3F-4D2B-A52E-A29203FDB9F5}"
EndProject
Project("{9A19103F-16F7-4668-BE54-9A1E7A4F7556}") = "EventDriven.Arch.Domain", "playground\EventDriven.Arch.Domain\EventDriven.Arch.Domain.csproj", "{82B44FA0-FD16-40B3-B4A6-5409FEE1B9AC}"
EndProject
Project("{9A19103F-16F7-4668-BE54-9A1E7A4F7556}") = "EventDriven.Arch.Driven.Infra.Data.InMemory", "playground\EventDriven.Arch.Driven.Infra.Data.InMemory\EventDriven.Arch.Driven.Infra.Data.InMemory.csproj", "{9EEF796F-8D69-4C3D-BA05-2BA855DC1EF2}"
EndProject
Project("{9A19103F-16F7-4668-BE54-9A1E7A4F7556}") = "EventDriven.Arch.Driven.Infra.Data.MongoDb", "playground\EventDriven.Arch.Driven.Infra.Data.MongoDb\EventDriven.Arch.Driven.Infra.Data.MongoDb.csproj", "{756F9155-22C8-4AA9-A677-21A7C91EAC59}"
EndProject
Project("{2150E333-8FDC-42A3-9474-1A3956D46DE8}") = "0 - Solution Items", "0 - Solution Items", "{41186282-35D7-4558-AFF8-133D4B70D977}"
	ProjectSection(SolutionItems) = preProject
		azure-pipelines.yml = azure-pipelines.yml
		docker-compose.yml = docker-compose.yml
	EndProjectSection
EndProject
Project("{2150E333-8FDC-42A3-9474-1A3956D46DE8}") = "Core", "Core", "{049423B0-3979-42A7-9263-553B643781D4}"
EndProject
Project("{2150E333-8FDC-42A3-9474-1A3956D46DE8}") = "Driven", "Driven", "{C4FD0811-3BFB-4D65-A72F-53D7C2239E23}"
EndProject
Project("{2150E333-8FDC-42A3-9474-1A3956D46DE8}") = "Driving", "Driving", "{2945B7BB-FBAA-4A2A-A140-E8BC0A24A094}"
EndProject
Project("{9A19103F-16F7-4668-BE54-9A1E7A4F7556}") = "Optsol.EventDriven.Components.Core.Domain.Unit.Tests", "test\Optsol.EventDriven.Components.Core.Domain.Unit.Tests\Optsol.EventDriven.Components.Core.Domain.Unit.Tests.csproj", "{1BCB0772-0139-4D00-B2AA-8672FDA42823}"
EndProject
Project("{9A19103F-16F7-4668-BE54-9A1E7A4F7556}") = "EventDriven.Arch.Driving.Projections", "playground\EventDriven.Arch.Driving.Projections\EventDriven.Arch.Driving.Projections.csproj", "{9942B246-C4CB-4C08-9B4E-02912F6AB7C7}"
EndProject
Project("{9A19103F-16F7-4668-BE54-9A1E7A4F7556}") = "EventDriven.Arch.Driving.Commands", "playground\EventDriven.Arch.Driving.Commands\EventDriven.Arch.Driving.Commands.csproj", "{E52FF343-AE06-4500-BC65-E36960F48773}"
EndProject
Project("{9A19103F-16F7-4668-BE54-9A1E7A4F7556}") = "Optsol.EventDriven.Components.Driven.Infra.Notification", "src\Optsol.EventDriven.Components.Driven.Infra.Notification\Optsol.EventDriven.Components.Driven.Infra.Notification.csproj", "{2AFD335E-9119-4E92-83E5-DBEBF187F61D}"
EndProject
Project("{9A19103F-16F7-4668-BE54-9A1E7A4F7556}") = "Optsol.EventDriven.Components.Driven.Infra.Notification.Unit.Tests", "test\Optsol.EventDriven.Components.Driven.Infra.Notification.Unit.Tests\Optsol.EventDriven.Components.Driven.Infra.Notification.Unit.Tests.csproj", "{91A4421C-93E1-439D-A786-4E8FEBC5FCD7}"
EndProject
Project("{2150E333-8FDC-42A3-9474-1A3956D46DE8}") = "Flight", "Flight", "{B35DA01B-0E84-400D-A957-CA11B3CB5C50}"
EndProject
Project("{2150E333-8FDC-42A3-9474-1A3956D46DE8}") = "Hotel", "Hotel", "{79BB727B-1698-424A-985B-16BDA7D8855A}"
EndProject
Project("{2150E333-8FDC-42A3-9474-1A3956D46DE8}") = "Core", "Core", "{0156638B-EB92-4391-9D02-5E7749F79901}"
EndProject
Project("{2150E333-8FDC-42A3-9474-1A3956D46DE8}") = "Driven", "Driven", "{9EB9E47C-9538-4D7B-8BBD-BC93EFE3ABA0}"
EndProject
Project("{2150E333-8FDC-42A3-9474-1A3956D46DE8}") = "Driving", "Driving", "{42219286-9793-4886-8B38-74E6F77E341C}"
EndProject
Project("{2150E333-8FDC-42A3-9474-1A3956D46DE8}") = "Core", "Core", "{F10D6952-B590-4052-8E10-F72573F0541D}"
EndProject
Project("{2150E333-8FDC-42A3-9474-1A3956D46DE8}") = "Driven", "Driven", "{21695122-BDFE-4224-9525-B90E2BC2233C}"
EndProject
Project("{2150E333-8FDC-42A3-9474-1A3956D46DE8}") = "Driving", "Driving", "{62DF82EE-A073-4223-A9E5-3D5191BDE460}"
EndProject
Project("{2150E333-8FDC-42A3-9474-1A3956D46DE8}") = "OldSample", "OldSample", "{24DB7795-B6FB-44C0-AA13-742D97319800}"
EndProject
Project("{2150E333-8FDC-42A3-9474-1A3956D46DE8}") = "Saga", "Saga", "{FE0FBD55-57AF-4686-8E71-D7FC5FD02F81}"
EndProject
Project("{2150E333-8FDC-42A3-9474-1A3956D46DE8}") = "Bff", "Bff", "{B1D98FE5-84D5-4DF8-80F8-DF49A32E3665}"
EndProject
Project("{9A19103F-16F7-4668-BE54-9A1E7A4F7556}") = "Optsol.EventDriven.Components.Core.Contracts", "src\Optsol.EventDriven.Components.Core.Contracts\Optsol.EventDriven.Components.Core.Contracts.csproj", "{03520E29-B491-4A25-9C7E-7AC1DE4E918C}"
EndProject
Project("{9A19103F-16F7-4668-BE54-9A1E7A4F7556}") = "Sample.Bff.Api", "playground\Sample.Bff.Api\Sample.Bff.Api.csproj", "{1A09BC6E-6D9F-49AC-AA18-C118C4BDC6B6}"
EndProject
Project("{9A19103F-16F7-4668-BE54-9A1E7A4F7556}") = "Sample.Flight.Core.Application", "playground\Sample.Flight.Core.Application\Sample.Flight.Core.Application.csproj", "{CF8FBA4B-7760-4653-81FD-6F5A33D9CD09}"
EndProject
Project("{9A19103F-16F7-4668-BE54-9A1E7A4F7556}") = "Sample.Flight.Core.Domain", "playground\Sample.Flight.Core.Domain\Sample.Flight.Core.Domain.csproj", "{B36B5777-031B-4AAB-AB2F-13BDD445DBD5}"
EndProject
Project("{9A19103F-16F7-4668-BE54-9A1E7A4F7556}") = "Sample.Flight.Driven.Infra.Data", "playground\Sample.Flight.Driven.Infra.Data.MongoDb\Sample.Flight.Driven.Infra.Data.csproj", "{230F929C-A520-477F-9CE5-37F7ED66C11F}"
EndProject
Project("{9A19103F-16F7-4668-BE54-9A1E7A4F7556}") = "Sample.Flight.Driving.Commands", "playground\Sample.Flight.Driving.Commands\Sample.Flight.Driving.Commands.csproj", "{7CCCEBE8-9CA8-46D2-AAEA-D11AC2C3AF99}"
EndProject
Project("{9A19103F-16F7-4668-BE54-9A1E7A4F7556}") = "Sample.Flight.Driving.Projections", "playground\Sample.Flight.Driving.Projections\Sample.Flight.Driving.Projections.csproj", "{7E7D5FB1-B2C3-4B1A-84B6-D879666DE154}"
EndProject
Project("{9A19103F-16F7-4668-BE54-9A1E7A4F7556}") = "Sample.Hotel.Contracts", "playground\Sample.Hotel.Contracts\Sample.Hotel.Contracts.csproj", "{D45DAC99-4B6C-4B21-ACFA-94E46C673975}"
EndProject
Project("{9A19103F-16F7-4668-BE54-9A1E7A4F7556}") = "Sample.Hotel.Core.Application", "playground\Sample.Hotel.Core.Application\Sample.Hotel.Core.Application.csproj", "{27215FF5-5D85-40DD-BA24-01ADD7DED1DF}"
EndProject
Project("{9A19103F-16F7-4668-BE54-9A1E7A4F7556}") = "Sample.Hotel.Core.Domain", "playground\Sample.Hotel.Core.Domain\Sample.Hotel.Core.Domain.csproj", "{4CCC6691-44B6-4AF9-86A5-A5E35CDF782F}"
EndProject
Project("{9A19103F-16F7-4668-BE54-9A1E7A4F7556}") = "Sample.Hotel.Driven.Infra.MongoDb", "playground\Sample.Hotel.Driven.Infra.MongoDb\Sample.Hotel.Driven.Infra.MongoDb.csproj", "{31591500-BCD9-4DED-ACA2-D8808DA08349}"
EndProject
Project("{9A19103F-16F7-4668-BE54-9A1E7A4F7556}") = "Sample.Hotel.Driving.Commands", "playground\Sample.Hotel.Driving.Commands\Sample.Hotel.Driving.Commands.csproj", "{DB28DDF6-A8B2-4C4C-8B0B-05798F3C582F}"
EndProject
Project("{9A19103F-16F7-4668-BE54-9A1E7A4F7556}") = "Sample.Hotel.Driving.Projections", "playground\Sample.Hotel.Driving.Projections\Sample.Hotel.Driving.Projections.csproj", "{4321C560-8D8C-4893-A76C-F46931ACAF9C}"
EndProject
Project("{9A19103F-16F7-4668-BE54-9A1E7A4F7556}") = "Sample.Saga", "playground\Sample.Saga\Sample.Saga.csproj", "{695CF360-0691-4FEA-8A42-D33070362508}"
EndProject
Project("{9A19103F-16F7-4668-BE54-9A1E7A4F7556}") = "Sample.Saga.Contracts", "playground\Sample.Saga.Contracts\Sample.Saga.Contracts.csproj", "{84A59B58-0993-440C-A0AF-8238309A0E0E}"
EndProject
Project("{9A19103F-16F7-4668-BE54-9A1E7A4F7556}") = "Sample.Flight.Contracts", "playground\Sample.Flight.Contracts\Sample.Flight.Contracts.csproj", "{FD9D6656-4DCA-45CB-B366-348760DA5502}"
EndProject
Project("{9A19103F-16F7-4668-BE54-9A1E7A4F7556}") = "Optsol.EventDriven.Components.Driving.Worker", "src\Optsol.EventDriven.Components.Driving.Worker\Optsol.EventDriven.Components.Driving.Worker.csproj", "{52F8BE15-11FE-464E-AD77-D98AFA2DF665}"
EndProject
Project("{9A19103F-16F7-4668-BE54-9A1E7A4F7556}") = "Optsol.EventDriven.Components.Driven.Settings", "src\Optsol.EventDriven.Components.Driven.Settings\Optsol.EventDriven.Components.Driven.Settings.csproj", "{9D9546DC-1FC0-45CF-827E-16F7DF4B784C}"
EndProject
Project("{9A19103F-16F7-4668-BE54-9A1E7A4F7556}") = "Optsol.EventDriven.Components.Driving.Functions", "src\Optsol.EventDriven.Components.Driving.Functions\Optsol.EventDriven.Components.Driving.Functions.csproj", "{BA4F15ED-B58C-4131-A7BF-BB029E0A48D0}"
EndProject
Global
	GlobalSection(SolutionConfigurationPlatforms) = preSolution
		Debug|Any CPU = Debug|Any CPU
		Release|Any CPU = Release|Any CPU
	EndGlobalSection
	GlobalSection(ProjectConfigurationPlatforms) = postSolution
		{AF570556-715D-4DA0-9758-3834100520FA}.Debug|Any CPU.ActiveCfg = Debug|Any CPU
		{AF570556-715D-4DA0-9758-3834100520FA}.Debug|Any CPU.Build.0 = Debug|Any CPU
		{AF570556-715D-4DA0-9758-3834100520FA}.Release|Any CPU.ActiveCfg = Release|Any CPU
		{AF570556-715D-4DA0-9758-3834100520FA}.Release|Any CPU.Build.0 = Release|Any CPU
		{978E5C4D-8279-4180-B3F5-15B4EDA52974}.Debug|Any CPU.ActiveCfg = Debug|Any CPU
		{978E5C4D-8279-4180-B3F5-15B4EDA52974}.Debug|Any CPU.Build.0 = Debug|Any CPU
		{978E5C4D-8279-4180-B3F5-15B4EDA52974}.Release|Any CPU.ActiveCfg = Release|Any CPU
		{978E5C4D-8279-4180-B3F5-15B4EDA52974}.Release|Any CPU.Build.0 = Release|Any CPU
		{AA69FB76-EFA6-454B-B81C-963F5953DEDA}.Debug|Any CPU.ActiveCfg = Debug|Any CPU
		{AA69FB76-EFA6-454B-B81C-963F5953DEDA}.Debug|Any CPU.Build.0 = Debug|Any CPU
		{AA69FB76-EFA6-454B-B81C-963F5953DEDA}.Release|Any CPU.ActiveCfg = Release|Any CPU
		{AA69FB76-EFA6-454B-B81C-963F5953DEDA}.Release|Any CPU.Build.0 = Release|Any CPU
		{EC31DCDE-BB65-4272-B34E-43D416EB35C8}.Debug|Any CPU.ActiveCfg = Debug|Any CPU
		{EC31DCDE-BB65-4272-B34E-43D416EB35C8}.Debug|Any CPU.Build.0 = Debug|Any CPU
		{EC31DCDE-BB65-4272-B34E-43D416EB35C8}.Release|Any CPU.ActiveCfg = Release|Any CPU
		{EC31DCDE-BB65-4272-B34E-43D416EB35C8}.Release|Any CPU.Build.0 = Release|Any CPU
		{FD308FC8-1B3F-4D2B-A52E-A29203FDB9F5}.Debug|Any CPU.ActiveCfg = Debug|Any CPU
		{FD308FC8-1B3F-4D2B-A52E-A29203FDB9F5}.Debug|Any CPU.Build.0 = Debug|Any CPU
		{FD308FC8-1B3F-4D2B-A52E-A29203FDB9F5}.Release|Any CPU.ActiveCfg = Release|Any CPU
		{FD308FC8-1B3F-4D2B-A52E-A29203FDB9F5}.Release|Any CPU.Build.0 = Release|Any CPU
		{82B44FA0-FD16-40B3-B4A6-5409FEE1B9AC}.Debug|Any CPU.ActiveCfg = Debug|Any CPU
		{82B44FA0-FD16-40B3-B4A6-5409FEE1B9AC}.Debug|Any CPU.Build.0 = Debug|Any CPU
		{82B44FA0-FD16-40B3-B4A6-5409FEE1B9AC}.Release|Any CPU.ActiveCfg = Release|Any CPU
		{82B44FA0-FD16-40B3-B4A6-5409FEE1B9AC}.Release|Any CPU.Build.0 = Release|Any CPU
		{9EEF796F-8D69-4C3D-BA05-2BA855DC1EF2}.Debug|Any CPU.ActiveCfg = Debug|Any CPU
		{9EEF796F-8D69-4C3D-BA05-2BA855DC1EF2}.Debug|Any CPU.Build.0 = Debug|Any CPU
		{9EEF796F-8D69-4C3D-BA05-2BA855DC1EF2}.Release|Any CPU.ActiveCfg = Release|Any CPU
		{9EEF796F-8D69-4C3D-BA05-2BA855DC1EF2}.Release|Any CPU.Build.0 = Release|Any CPU
		{756F9155-22C8-4AA9-A677-21A7C91EAC59}.Debug|Any CPU.ActiveCfg = Debug|Any CPU
		{756F9155-22C8-4AA9-A677-21A7C91EAC59}.Debug|Any CPU.Build.0 = Debug|Any CPU
		{756F9155-22C8-4AA9-A677-21A7C91EAC59}.Release|Any CPU.ActiveCfg = Release|Any CPU
		{756F9155-22C8-4AA9-A677-21A7C91EAC59}.Release|Any CPU.Build.0 = Release|Any CPU
		{1BCB0772-0139-4D00-B2AA-8672FDA42823}.Debug|Any CPU.ActiveCfg = Debug|Any CPU
		{1BCB0772-0139-4D00-B2AA-8672FDA42823}.Debug|Any CPU.Build.0 = Debug|Any CPU
		{1BCB0772-0139-4D00-B2AA-8672FDA42823}.Release|Any CPU.ActiveCfg = Release|Any CPU
		{1BCB0772-0139-4D00-B2AA-8672FDA42823}.Release|Any CPU.Build.0 = Release|Any CPU
		{9942B246-C4CB-4C08-9B4E-02912F6AB7C7}.Debug|Any CPU.ActiveCfg = Debug|Any CPU
		{9942B246-C4CB-4C08-9B4E-02912F6AB7C7}.Debug|Any CPU.Build.0 = Debug|Any CPU
		{9942B246-C4CB-4C08-9B4E-02912F6AB7C7}.Release|Any CPU.ActiveCfg = Release|Any CPU
		{9942B246-C4CB-4C08-9B4E-02912F6AB7C7}.Release|Any CPU.Build.0 = Release|Any CPU
		{E52FF343-AE06-4500-BC65-E36960F48773}.Debug|Any CPU.ActiveCfg = Debug|Any CPU
		{E52FF343-AE06-4500-BC65-E36960F48773}.Debug|Any CPU.Build.0 = Debug|Any CPU
		{E52FF343-AE06-4500-BC65-E36960F48773}.Release|Any CPU.ActiveCfg = Release|Any CPU
		{E52FF343-AE06-4500-BC65-E36960F48773}.Release|Any CPU.Build.0 = Release|Any CPU
		{2AFD335E-9119-4E92-83E5-DBEBF187F61D}.Debug|Any CPU.ActiveCfg = Debug|Any CPU
		{2AFD335E-9119-4E92-83E5-DBEBF187F61D}.Debug|Any CPU.Build.0 = Debug|Any CPU
		{2AFD335E-9119-4E92-83E5-DBEBF187F61D}.Release|Any CPU.ActiveCfg = Release|Any CPU
		{2AFD335E-9119-4E92-83E5-DBEBF187F61D}.Release|Any CPU.Build.0 = Release|Any CPU
		{91A4421C-93E1-439D-A786-4E8FEBC5FCD7}.Debug|Any CPU.ActiveCfg = Debug|Any CPU
		{91A4421C-93E1-439D-A786-4E8FEBC5FCD7}.Debug|Any CPU.Build.0 = Debug|Any CPU
		{91A4421C-93E1-439D-A786-4E8FEBC5FCD7}.Release|Any CPU.ActiveCfg = Release|Any CPU
		{91A4421C-93E1-439D-A786-4E8FEBC5FCD7}.Release|Any CPU.Build.0 = Release|Any CPU
		{03520E29-B491-4A25-9C7E-7AC1DE4E918C}.Debug|Any CPU.ActiveCfg = Debug|Any CPU
		{03520E29-B491-4A25-9C7E-7AC1DE4E918C}.Debug|Any CPU.Build.0 = Debug|Any CPU
		{03520E29-B491-4A25-9C7E-7AC1DE4E918C}.Release|Any CPU.ActiveCfg = Release|Any CPU
		{03520E29-B491-4A25-9C7E-7AC1DE4E918C}.Release|Any CPU.Build.0 = Release|Any CPU
		{1A09BC6E-6D9F-49AC-AA18-C118C4BDC6B6}.Debug|Any CPU.ActiveCfg = Debug|Any CPU
		{1A09BC6E-6D9F-49AC-AA18-C118C4BDC6B6}.Debug|Any CPU.Build.0 = Debug|Any CPU
		{1A09BC6E-6D9F-49AC-AA18-C118C4BDC6B6}.Release|Any CPU.ActiveCfg = Release|Any CPU
		{1A09BC6E-6D9F-49AC-AA18-C118C4BDC6B6}.Release|Any CPU.Build.0 = Release|Any CPU
		{CF8FBA4B-7760-4653-81FD-6F5A33D9CD09}.Debug|Any CPU.ActiveCfg = Debug|Any CPU
		{CF8FBA4B-7760-4653-81FD-6F5A33D9CD09}.Debug|Any CPU.Build.0 = Debug|Any CPU
		{CF8FBA4B-7760-4653-81FD-6F5A33D9CD09}.Release|Any CPU.ActiveCfg = Release|Any CPU
		{CF8FBA4B-7760-4653-81FD-6F5A33D9CD09}.Release|Any CPU.Build.0 = Release|Any CPU
		{B36B5777-031B-4AAB-AB2F-13BDD445DBD5}.Debug|Any CPU.ActiveCfg = Debug|Any CPU
		{B36B5777-031B-4AAB-AB2F-13BDD445DBD5}.Debug|Any CPU.Build.0 = Debug|Any CPU
		{B36B5777-031B-4AAB-AB2F-13BDD445DBD5}.Release|Any CPU.ActiveCfg = Release|Any CPU
		{B36B5777-031B-4AAB-AB2F-13BDD445DBD5}.Release|Any CPU.Build.0 = Release|Any CPU
		{230F929C-A520-477F-9CE5-37F7ED66C11F}.Debug|Any CPU.ActiveCfg = Debug|Any CPU
		{230F929C-A520-477F-9CE5-37F7ED66C11F}.Debug|Any CPU.Build.0 = Debug|Any CPU
		{230F929C-A520-477F-9CE5-37F7ED66C11F}.Release|Any CPU.ActiveCfg = Release|Any CPU
		{230F929C-A520-477F-9CE5-37F7ED66C11F}.Release|Any CPU.Build.0 = Release|Any CPU
		{7CCCEBE8-9CA8-46D2-AAEA-D11AC2C3AF99}.Debug|Any CPU.ActiveCfg = Debug|Any CPU
		{7CCCEBE8-9CA8-46D2-AAEA-D11AC2C3AF99}.Debug|Any CPU.Build.0 = Debug|Any CPU
		{7CCCEBE8-9CA8-46D2-AAEA-D11AC2C3AF99}.Release|Any CPU.ActiveCfg = Release|Any CPU
		{7CCCEBE8-9CA8-46D2-AAEA-D11AC2C3AF99}.Release|Any CPU.Build.0 = Release|Any CPU
		{7E7D5FB1-B2C3-4B1A-84B6-D879666DE154}.Debug|Any CPU.ActiveCfg = Debug|Any CPU
		{7E7D5FB1-B2C3-4B1A-84B6-D879666DE154}.Debug|Any CPU.Build.0 = Debug|Any CPU
		{7E7D5FB1-B2C3-4B1A-84B6-D879666DE154}.Release|Any CPU.ActiveCfg = Release|Any CPU
		{7E7D5FB1-B2C3-4B1A-84B6-D879666DE154}.Release|Any CPU.Build.0 = Release|Any CPU
		{D45DAC99-4B6C-4B21-ACFA-94E46C673975}.Debug|Any CPU.ActiveCfg = Debug|Any CPU
		{D45DAC99-4B6C-4B21-ACFA-94E46C673975}.Debug|Any CPU.Build.0 = Debug|Any CPU
		{D45DAC99-4B6C-4B21-ACFA-94E46C673975}.Release|Any CPU.ActiveCfg = Release|Any CPU
		{D45DAC99-4B6C-4B21-ACFA-94E46C673975}.Release|Any CPU.Build.0 = Release|Any CPU
		{27215FF5-5D85-40DD-BA24-01ADD7DED1DF}.Debug|Any CPU.ActiveCfg = Debug|Any CPU
		{27215FF5-5D85-40DD-BA24-01ADD7DED1DF}.Debug|Any CPU.Build.0 = Debug|Any CPU
		{27215FF5-5D85-40DD-BA24-01ADD7DED1DF}.Release|Any CPU.ActiveCfg = Release|Any CPU
		{27215FF5-5D85-40DD-BA24-01ADD7DED1DF}.Release|Any CPU.Build.0 = Release|Any CPU
		{4CCC6691-44B6-4AF9-86A5-A5E35CDF782F}.Debug|Any CPU.ActiveCfg = Debug|Any CPU
		{4CCC6691-44B6-4AF9-86A5-A5E35CDF782F}.Debug|Any CPU.Build.0 = Debug|Any CPU
		{4CCC6691-44B6-4AF9-86A5-A5E35CDF782F}.Release|Any CPU.ActiveCfg = Release|Any CPU
		{4CCC6691-44B6-4AF9-86A5-A5E35CDF782F}.Release|Any CPU.Build.0 = Release|Any CPU
		{31591500-BCD9-4DED-ACA2-D8808DA08349}.Debug|Any CPU.ActiveCfg = Debug|Any CPU
		{31591500-BCD9-4DED-ACA2-D8808DA08349}.Debug|Any CPU.Build.0 = Debug|Any CPU
		{31591500-BCD9-4DED-ACA2-D8808DA08349}.Release|Any CPU.ActiveCfg = Release|Any CPU
		{31591500-BCD9-4DED-ACA2-D8808DA08349}.Release|Any CPU.Build.0 = Release|Any CPU
		{DB28DDF6-A8B2-4C4C-8B0B-05798F3C582F}.Debug|Any CPU.ActiveCfg = Debug|Any CPU
		{DB28DDF6-A8B2-4C4C-8B0B-05798F3C582F}.Debug|Any CPU.Build.0 = Debug|Any CPU
		{DB28DDF6-A8B2-4C4C-8B0B-05798F3C582F}.Release|Any CPU.ActiveCfg = Release|Any CPU
		{DB28DDF6-A8B2-4C4C-8B0B-05798F3C582F}.Release|Any CPU.Build.0 = Release|Any CPU
		{4321C560-8D8C-4893-A76C-F46931ACAF9C}.Debug|Any CPU.ActiveCfg = Debug|Any CPU
		{4321C560-8D8C-4893-A76C-F46931ACAF9C}.Debug|Any CPU.Build.0 = Debug|Any CPU
		{4321C560-8D8C-4893-A76C-F46931ACAF9C}.Release|Any CPU.ActiveCfg = Release|Any CPU
		{4321C560-8D8C-4893-A76C-F46931ACAF9C}.Release|Any CPU.Build.0 = Release|Any CPU
		{695CF360-0691-4FEA-8A42-D33070362508}.Debug|Any CPU.ActiveCfg = Debug|Any CPU
		{695CF360-0691-4FEA-8A42-D33070362508}.Debug|Any CPU.Build.0 = Debug|Any CPU
		{695CF360-0691-4FEA-8A42-D33070362508}.Release|Any CPU.ActiveCfg = Release|Any CPU
		{695CF360-0691-4FEA-8A42-D33070362508}.Release|Any CPU.Build.0 = Release|Any CPU
		{84A59B58-0993-440C-A0AF-8238309A0E0E}.Debug|Any CPU.ActiveCfg = Debug|Any CPU
		{84A59B58-0993-440C-A0AF-8238309A0E0E}.Debug|Any CPU.Build.0 = Debug|Any CPU
		{84A59B58-0993-440C-A0AF-8238309A0E0E}.Release|Any CPU.ActiveCfg = Release|Any CPU
		{84A59B58-0993-440C-A0AF-8238309A0E0E}.Release|Any CPU.Build.0 = Release|Any CPU
		{FD9D6656-4DCA-45CB-B366-348760DA5502}.Debug|Any CPU.ActiveCfg = Debug|Any CPU
		{FD9D6656-4DCA-45CB-B366-348760DA5502}.Debug|Any CPU.Build.0 = Debug|Any CPU
		{FD9D6656-4DCA-45CB-B366-348760DA5502}.Release|Any CPU.ActiveCfg = Release|Any CPU
		{FD9D6656-4DCA-45CB-B366-348760DA5502}.Release|Any CPU.Build.0 = Release|Any CPU
		{52F8BE15-11FE-464E-AD77-D98AFA2DF665}.Debug|Any CPU.ActiveCfg = Debug|Any CPU
		{52F8BE15-11FE-464E-AD77-D98AFA2DF665}.Debug|Any CPU.Build.0 = Debug|Any CPU
		{52F8BE15-11FE-464E-AD77-D98AFA2DF665}.Release|Any CPU.ActiveCfg = Release|Any CPU
		{52F8BE15-11FE-464E-AD77-D98AFA2DF665}.Release|Any CPU.Build.0 = Release|Any CPU
		{9D9546DC-1FC0-45CF-827E-16F7DF4B784C}.Debug|Any CPU.ActiveCfg = Debug|Any CPU
		{9D9546DC-1FC0-45CF-827E-16F7DF4B784C}.Debug|Any CPU.Build.0 = Debug|Any CPU
		{9D9546DC-1FC0-45CF-827E-16F7DF4B784C}.Release|Any CPU.ActiveCfg = Release|Any CPU
		{9D9546DC-1FC0-45CF-827E-16F7DF4B784C}.Release|Any CPU.Build.0 = Release|Any CPU
		{BA4F15ED-B58C-4131-A7BF-BB029E0A48D0}.Debug|Any CPU.ActiveCfg = Debug|Any CPU
		{BA4F15ED-B58C-4131-A7BF-BB029E0A48D0}.Debug|Any CPU.Build.0 = Debug|Any CPU
		{BA4F15ED-B58C-4131-A7BF-BB029E0A48D0}.Release|Any CPU.ActiveCfg = Release|Any CPU
		{BA4F15ED-B58C-4131-A7BF-BB029E0A48D0}.Release|Any CPU.Build.0 = Release|Any CPU
	EndGlobalSection
	GlobalSection(SolutionProperties) = preSolution
		HideSolutionNode = FALSE
	EndGlobalSection
	GlobalSection(NestedProjects) = preSolution
		{F3553D96-6EE2-4F54-8299-8B166DA4FE0D} = {9E653BCC-D992-44D4-BA54-1279D88188B6}
		{71A4C664-2972-4143-95A8-FDF25D631A48} = {9E653BCC-D992-44D4-BA54-1279D88188B6}
		{A9A243F4-C14F-4B2B-9459-C93454A8CDA9} = {9E653BCC-D992-44D4-BA54-1279D88188B6}
		{4311E281-DC20-400C-BD0A-B582D711B873} = {9E653BCC-D992-44D4-BA54-1279D88188B6}
		{AF570556-715D-4DA0-9758-3834100520FA} = {A9A243F4-C14F-4B2B-9459-C93454A8CDA9}
		{978E5C4D-8279-4180-B3F5-15B4EDA52974} = {A9A243F4-C14F-4B2B-9459-C93454A8CDA9}
		{AA69FB76-EFA6-454B-B81C-963F5953DEDA} = {F3553D96-6EE2-4F54-8299-8B166DA4FE0D}
		{EC31DCDE-BB65-4272-B34E-43D416EB35C8} = {F3553D96-6EE2-4F54-8299-8B166DA4FE0D}
		{FD308FC8-1B3F-4D2B-A52E-A29203FDB9F5} = {049423B0-3979-42A7-9263-553B643781D4}
		{82B44FA0-FD16-40B3-B4A6-5409FEE1B9AC} = {049423B0-3979-42A7-9263-553B643781D4}
		{9EEF796F-8D69-4C3D-BA05-2BA855DC1EF2} = {C4FD0811-3BFB-4D65-A72F-53D7C2239E23}
		{756F9155-22C8-4AA9-A677-21A7C91EAC59} = {C4FD0811-3BFB-4D65-A72F-53D7C2239E23}
		{049423B0-3979-42A7-9263-553B643781D4} = {24DB7795-B6FB-44C0-AA13-742D97319800}
		{C4FD0811-3BFB-4D65-A72F-53D7C2239E23} = {24DB7795-B6FB-44C0-AA13-742D97319800}
		{2945B7BB-FBAA-4A2A-A140-E8BC0A24A094} = {24DB7795-B6FB-44C0-AA13-742D97319800}
		{1BCB0772-0139-4D00-B2AA-8672FDA42823} = {4311E281-DC20-400C-BD0A-B582D711B873}
		{9942B246-C4CB-4C08-9B4E-02912F6AB7C7} = {2945B7BB-FBAA-4A2A-A140-E8BC0A24A094}
		{E52FF343-AE06-4500-BC65-E36960F48773} = {2945B7BB-FBAA-4A2A-A140-E8BC0A24A094}
		{2AFD335E-9119-4E92-83E5-DBEBF187F61D} = {F3553D96-6EE2-4F54-8299-8B166DA4FE0D}
		{91A4421C-93E1-439D-A786-4E8FEBC5FCD7} = {4311E281-DC20-400C-BD0A-B582D711B873}
		{B35DA01B-0E84-400D-A957-CA11B3CB5C50} = {86B599DF-A3DC-4193-A6A9-59CE0D3AA908}
		{79BB727B-1698-424A-985B-16BDA7D8855A} = {86B599DF-A3DC-4193-A6A9-59CE0D3AA908}
		{0156638B-EB92-4391-9D02-5E7749F79901} = {B35DA01B-0E84-400D-A957-CA11B3CB5C50}
		{9EB9E47C-9538-4D7B-8BBD-BC93EFE3ABA0} = {B35DA01B-0E84-400D-A957-CA11B3CB5C50}
		{42219286-9793-4886-8B38-74E6F77E341C} = {B35DA01B-0E84-400D-A957-CA11B3CB5C50}
		{F10D6952-B590-4052-8E10-F72573F0541D} = {79BB727B-1698-424A-985B-16BDA7D8855A}
		{21695122-BDFE-4224-9525-B90E2BC2233C} = {79BB727B-1698-424A-985B-16BDA7D8855A}
		{62DF82EE-A073-4223-A9E5-3D5191BDE460} = {79BB727B-1698-424A-985B-16BDA7D8855A}
		{24DB7795-B6FB-44C0-AA13-742D97319800} = {86B599DF-A3DC-4193-A6A9-59CE0D3AA908}
		{FE0FBD55-57AF-4686-8E71-D7FC5FD02F81} = {86B599DF-A3DC-4193-A6A9-59CE0D3AA908}
		{B1D98FE5-84D5-4DF8-80F8-DF49A32E3665} = {86B599DF-A3DC-4193-A6A9-59CE0D3AA908}
		{03520E29-B491-4A25-9C7E-7AC1DE4E918C} = {A9A243F4-C14F-4B2B-9459-C93454A8CDA9}
		{1A09BC6E-6D9F-49AC-AA18-C118C4BDC6B6} = {B1D98FE5-84D5-4DF8-80F8-DF49A32E3665}
		{CF8FBA4B-7760-4653-81FD-6F5A33D9CD09} = {0156638B-EB92-4391-9D02-5E7749F79901}
		{B36B5777-031B-4AAB-AB2F-13BDD445DBD5} = {0156638B-EB92-4391-9D02-5E7749F79901}
		{230F929C-A520-477F-9CE5-37F7ED66C11F} = {9EB9E47C-9538-4D7B-8BBD-BC93EFE3ABA0}
		{7CCCEBE8-9CA8-46D2-AAEA-D11AC2C3AF99} = {42219286-9793-4886-8B38-74E6F77E341C}
		{7E7D5FB1-B2C3-4B1A-84B6-D879666DE154} = {42219286-9793-4886-8B38-74E6F77E341C}
		{D45DAC99-4B6C-4B21-ACFA-94E46C673975} = {F10D6952-B590-4052-8E10-F72573F0541D}
		{27215FF5-5D85-40DD-BA24-01ADD7DED1DF} = {F10D6952-B590-4052-8E10-F72573F0541D}
		{4CCC6691-44B6-4AF9-86A5-A5E35CDF782F} = {F10D6952-B590-4052-8E10-F72573F0541D}
		{31591500-BCD9-4DED-ACA2-D8808DA08349} = {21695122-BDFE-4224-9525-B90E2BC2233C}
		{DB28DDF6-A8B2-4C4C-8B0B-05798F3C582F} = {62DF82EE-A073-4223-A9E5-3D5191BDE460}
		{4321C560-8D8C-4893-A76C-F46931ACAF9C} = {62DF82EE-A073-4223-A9E5-3D5191BDE460}
		{695CF360-0691-4FEA-8A42-D33070362508} = {FE0FBD55-57AF-4686-8E71-D7FC5FD02F81}
		{84A59B58-0993-440C-A0AF-8238309A0E0E} = {FE0FBD55-57AF-4686-8E71-D7FC5FD02F81}
		{FD9D6656-4DCA-45CB-B366-348760DA5502} = {0156638B-EB92-4391-9D02-5E7749F79901}
		{52F8BE15-11FE-464E-AD77-D98AFA2DF665} = {71A4C664-2972-4143-95A8-FDF25D631A48}
		{9D9546DC-1FC0-45CF-827E-16F7DF4B784C} = {F3553D96-6EE2-4F54-8299-8B166DA4FE0D}
		{BA4F15ED-B58C-4131-A7BF-BB029E0A48D0} = {71A4C664-2972-4143-95A8-FDF25D631A48}
	EndGlobalSection
	GlobalSection(ExtensibilityGlobals) = postSolution
		SolutionGuid = {CEB4F9A4-FE35-4F6F-9543-265AF7C84D23}
	EndGlobalSection
EndGlobal
