
Microsoft Visual Studio Solution File, Format Version 12.00
# Visual Studio Version 17
VisualStudioVersion = 17.0.31903.59
MinimumVisualStudioVersion = 10.0.40219.1
Project("{2150E333-8FDC-42A3-9474-1A3956D46DE8}") = "Driven", "Driven", "{F3553D96-6EE2-4F54-8299-8B166DA4FE0D}"
EndProject
Project("{2150E333-8FDC-42A3-9474-1A3956D46DE8}") = "Driving", "Driving", "{71A4C664-2972-4143-95A8-FDF25D631A48}"
EndProject
Project("{2150E333-8FDC-42A3-9474-1A3956D46DE8}") = "Core", "Core", "{A9A243F4-C14F-4B2B-9459-C93454A8CDA9}"
EndProject
Project("{2150E333-8FDC-42A3-9474-1A3956D46DE8}") = "Tests", "Tests", "{4311E281-DC20-400C-BD0A-B582D711B873}"
EndProject
Project("{9A19103F-16F7-4668-BE54-9A1E7A4F7556}") = "Optsol.EventDriven.Components.Core.Domain", "src\Optsol.EventDriven.Components.Core.Domain\Optsol.EventDriven.Components.Core.Domain.csproj", "{AF570556-715D-4DA0-9758-3834100520FA}"
EndProject
Project("{9A19103F-16F7-4668-BE54-9A1E7A4F7556}") = "Optsol.EventDriven.Components.Core.Application", "src\Optsol.EventDriven.Components.Core.Application\Optsol.EventDriven.Components.Core.Application.csproj", "{978E5C4D-8279-4180-B3F5-15B4EDA52974}"
EndProject
Project("{9A19103F-16F7-4668-BE54-9A1E7A4F7556}") = "Optsol.EventDriven.Components.Driven.Infra.Data", "src\Optsol.EventDriven.Components.Driven.Infra.Data\Optsol.EventDriven.Components.Driven.Infra.Data.csproj", "{AA69FB76-EFA6-454B-B81C-963F5953DEDA}"
EndProject
Project("{9A19103F-16F7-4668-BE54-9A1E7A4F7556}") = "Optsol.EventDriven.Components.Driven.Infra.Data.MongoDb", "src\Optsol.EventDriven.Components.Driven.Infra.Data.MongoDb\Optsol.EventDriven.Components.Driven.Infra.Data.MongoDb.csproj", "{EC31DCDE-BB65-4272-B34E-43D416EB35C8}"
EndProject
Project("{2150E333-8FDC-42A3-9474-1A3956D46DE8}") = "2 - SDK", "2 - SDK", "{9E653BCC-D992-44D4-BA54-1279D88188B6}"
EndProject
Project("{2150E333-8FDC-42A3-9474-1A3956D46DE8}") = "1 - Sample", "1 - Sample", "{86B599DF-A3DC-4193-A6A9-59CE0D3AA908}"
EndProject
Project("{9A19103F-16F7-4668-BE54-9A1E7A4F7556}") = "EventDriven.Arch.Application", "playground\EventDriven.Arch.Application\EventDriven.Arch.Application.csproj", "{FD308FC8-1B3F-4D2B-A52E-A29203FDB9F5}"
EndProject
Project("{9A19103F-16F7-4668-BE54-9A1E7A4F7556}") = "EventDriven.Arch.Domain", "playground\EventDriven.Arch.Domain\EventDriven.Arch.Domain.csproj", "{82B44FA0-FD16-40B3-B4A6-5409FEE1B9AC}"
EndProject
Project("{9A19103F-16F7-4668-BE54-9A1E7A4F7556}") = "EventDriven.Arch.Driven.Infra.Data.InMemory", "playground\EventDriven.Arch.Driven.Infra.Data.InMemory\EventDriven.Arch.Driven.Infra.Data.InMemory.csproj", "{9EEF796F-8D69-4C3D-BA05-2BA855DC1EF2}"
EndProject
Project("{9A19103F-16F7-4668-BE54-9A1E7A4F7556}") = "EventDriven.Arch.Driven.Infra.Data.MongoDb", "playground\EventDriven.Arch.Driven.Infra.Data.MongoDb\EventDriven.Arch.Driven.Infra.Data.MongoDb.csproj", "{756F9155-22C8-4AA9-A677-21A7C91EAC59}"
EndProject
Project("{2150E333-8FDC-42A3-9474-1A3956D46DE8}") = "0 - Solution Items", "0 - Solution Items", "{41186282-35D7-4558-AFF8-133D4B70D977}"
	ProjectSection(SolutionItems) = preProject
		azure-pipelines.yml = azure-pipelines.yml
		playground\docker-compose.yml = playground\docker-compose.yml
	EndProjectSection
EndProject
Project("{2150E333-8FDC-42A3-9474-1A3956D46DE8}") = "Core", "Core", "{049423B0-3979-42A7-9263-553B643781D4}"
EndProject
Project("{2150E333-8FDC-42A3-9474-1A3956D46DE8}") = "Driven", "Driven", "{C4FD0811-3BFB-4D65-A72F-53D7C2239E23}"
EndProject
Project("{2150E333-8FDC-42A3-9474-1A3956D46DE8}") = "Driving", "Driving", "{2945B7BB-FBAA-4A2A-A140-E8BC0A24A094}"
EndProject
Project("{9A19103F-16F7-4668-BE54-9A1E7A4F7556}") = "Optsol.EventDriven.Components.Core.Domain.Unit.Tests", "test\Optsol.EventDriven.Components.Core.Domain.Unit.Tests\Optsol.EventDriven.Components.Core.Domain.Unit.Tests.csproj", "{1BCB0772-0139-4D00-B2AA-8672FDA42823}"
EndProject
Project("{9A19103F-16F7-4668-BE54-9A1E7A4F7556}") = "EventDriven.Arch.Driving.Projections", "playground\EventDriven.Arch.Driving.Projections\EventDriven.Arch.Driving.Projections.csproj", "{9942B246-C4CB-4C08-9B4E-02912F6AB7C7}"
EndProject
Project("{9A19103F-16F7-4668-BE54-9A1E7A4F7556}") = "Optsol.EventDriven.Components.Driving.Functions", "src\Optsol.EventDriven.Components.Driving.Functions\Optsol.EventDriven.Components.Driving.Functions.csproj", "{52DC8C19-264B-4CD3-90AF-BF36DF94AFE9}"
EndProject
Project("{9A19103F-16F7-4668-BE54-9A1E7A4F7556}") = "EventDriven.Arch.Driving.Commands", "playground\EventDriven.Arch.Driving.Commands\EventDriven.Arch.Driving.Commands.csproj", "{E52FF343-AE06-4500-BC65-E36960F48773}"
EndProject
Project("{9A19103F-16F7-4668-BE54-9A1E7A4F7556}") = "Optsol.EventDriven.Components.Driven.Infra.Notification", "src\Optsol.EventDriven.Components.Driven.Infra.Notification\Optsol.EventDriven.Components.Driven.Infra.Notification.csproj", "{2AFD335E-9119-4E92-83E5-DBEBF187F61D}"
EndProject
Project("{9A19103F-16F7-4668-BE54-9A1E7A4F7556}") = "Optsol.EventDriven.Components.Driven.Infra.Notification.Unit.Tests", "test\Optsol.EventDriven.Components.Driven.Infra.Notification.Unit.Tests\Optsol.EventDriven.Components.Driven.Infra.Notification.Unit.Tests.csproj", "{91A4421C-93E1-439D-A786-4E8FEBC5FCD7}"
EndProject
Project("{2150E333-8FDC-42A3-9474-1A3956D46DE8}") = "Flight", "Flight", "{B35DA01B-0E84-400D-A957-CA11B3CB5C50}"
EndProject
Project("{2150E333-8FDC-42A3-9474-1A3956D46DE8}") = "Hotel", "Hotel", "{79BB727B-1698-424A-985B-16BDA7D8855A}"
EndProject
Project("{2150E333-8FDC-42A3-9474-1A3956D46DE8}") = "Core", "Core", "{0156638B-EB92-4391-9D02-5E7749F79901}"
EndProject
Project("{2150E333-8FDC-42A3-9474-1A3956D46DE8}") = "Driven", "Driven", "{9EB9E47C-9538-4D7B-8BBD-BC93EFE3ABA0}"
EndProject
Project("{2150E333-8FDC-42A3-9474-1A3956D46DE8}") = "Driving", "Driving", "{42219286-9793-4886-8B38-74E6F77E341C}"
EndProject
Project("{2150E333-8FDC-42A3-9474-1A3956D46DE8}") = "Core", "Core", "{F10D6952-B590-4052-8E10-F72573F0541D}"
EndProject
Project("{2150E333-8FDC-42A3-9474-1A3956D46DE8}") = "Driven", "Driven", "{21695122-BDFE-4224-9525-B90E2BC2233C}"
EndProject
Project("{2150E333-8FDC-42A3-9474-1A3956D46DE8}") = "Driving", "Driving", "{62DF82EE-A073-4223-A9E5-3D5191BDE460}"
EndProject
Project("{9A19103F-16F7-4668-BE54-9A1E7A4F7556}") = "Sample.Flight.Core.Application", "src\Sample.Flight.Core.Application\Sample.Flight.Core.Application.csproj", "{3BF54949-91BB-41EA-88AB-35BB6701F19F}"
EndProject
Project("{9A19103F-16F7-4668-BE54-9A1E7A4F7556}") = "Sample.Flight.Core.Domain", "src\Sample.Flight.Core.Domain\Sample.Flight.Core.Domain.csproj", "{826A884A-8159-4BD0-A67D-5AA35C064035}"
EndProject
Project("{9A19103F-16F7-4668-BE54-9A1E7A4F7556}") = "Sample.Flight.Driven.Infra.Data.MongoDb", "src\Sample.Flight.Driven.Infra.Data.MongoDb\Sample.Flight.Driven.Infra.Data.MongoDb.csproj", "{82D4C776-4578-48AE-91AD-184B11C30FDC}"
EndProject
Project("{9A19103F-16F7-4668-BE54-9A1E7A4F7556}") = "Sample.Flight.Driving.Commands", "src\Sample.Flight.Driving.Commands\Sample.Flight.Driving.Commands.csproj", "{E997616A-BA78-409B-9873-879E77C72D33}"
EndProject
Project("{9A19103F-16F7-4668-BE54-9A1E7A4F7556}") = "Sample.Flight.Driving.Projections", "src\Sample.Flight.Driving.Projections\Sample.Flight.Driving.Projections.csproj", "{DC21CA83-44CE-4848-8253-68F42D4AC8C9}"
EndProject
Project("{9A19103F-16F7-4668-BE54-9A1E7A4F7556}") = "Sample.Hotel.Core.Application", "src\Sample.Hotel.Core.Application\Sample.Hotel.Core.Application.csproj", "{9C6AE69D-823A-4134-8560-9E4FB8778ABB}"
EndProject
Project("{9A19103F-16F7-4668-BE54-9A1E7A4F7556}") = "Sample.Hotel.Core.Domain", "src\Sample.Hotel.Core.Domain\Sample.Hotel.Core.Domain.csproj", "{0508C011-0DCF-4A3C-8F06-6A63FD18175C}"
EndProject
Project("{9A19103F-16F7-4668-BE54-9A1E7A4F7556}") = "Sample.Hotel.Driven.Infra.MongoDb", "src\Sample.Hotel.Driven.Infra.MongoDb\Sample.Hotel.Driven.Infra.MongoDb.csproj", "{2B9BBBD6-8824-42CE-BED1-C01BC7EA8F4A}"
EndProject
Project("{9A19103F-16F7-4668-BE54-9A1E7A4F7556}") = "Sample.Hotel.Driving.Commands", "src\Sample.Hotel.Driving.Commands\Sample.Hotel.Driving.Commands.csproj", "{E77D77DC-CC64-4040-A2D0-04482E848EFD}"
EndProject
Project("{9A19103F-16F7-4668-BE54-9A1E7A4F7556}") = "Sample.Hotel.Driving.Projections", "src\Sample.Hotel.Driving.Projections\Sample.Hotel.Driving.Projections.csproj", "{92B80D19-7C5C-414A-960D-10AF94345471}"
EndProject
Project("{2150E333-8FDC-42A3-9474-1A3956D46DE8}") = "OldSample", "OldSample", "{24DB7795-B6FB-44C0-AA13-742D97319800}"
EndProject
Project("{2150E333-8FDC-42A3-9474-1A3956D46DE8}") = "Saga", "Saga", "{FE0FBD55-57AF-4686-8E71-D7FC5FD02F81}"
EndProject
Project("{2150E333-8FDC-42A3-9474-1A3956D46DE8}") = "Bff", "Bff", "{B1D98FE5-84D5-4DF8-80F8-DF49A32E3665}"
EndProject
Project("{9A19103F-16F7-4668-BE54-9A1E7A4F7556}") = "Sample.Saga", "src\Sample.Saga\Sample.Saga.csproj", "{69A4CD39-07C2-4EE6-B966-A8480EE43D1B}"
EndProject
Project("{9A19103F-16F7-4668-BE54-9A1E7A4F7556}") = "Sample.Bff.Api", "src\Sample.Bff.Api\Sample.Bff.Api.csproj", "{DF404C02-AFA9-4EBE-840D-C49D255146F1}"
EndProject
Project("{9A19103F-16F7-4668-BE54-9A1E7A4F7556}") = "Sample.Saga.Contracts", "src\Sample.Saga.Contracts\Sample.Saga.Contracts.csproj", "{A4589798-53AF-4C9C-B657-1E871D957F27}"
EndProject
Project("{FAE04EC0-301F-11D3-BF4B-00C04F79EFBC}") = "Sample.Flight.Commands", "src\Sample.Flight.Core.Application.Commands\Sample.Flight.Commands.csproj", "{1C9901A8-0B49-4528-9750-72D65D44E260}"
EndProject
Project("{FAE04EC0-301F-11D3-BF4B-00C04F79EFBC}") = "Sample.Flight.Events", "src\Sample.Flight.Core.Events\Sample.Flight.Events.csproj", "{33D5FB57-6362-4C28-A8F9-B70C7FEEFDE2}"
EndProject
Project("{FAE04EC0-301F-11D3-BF4B-00C04F79EFBC}") = "Sample.Hotel.Commands", "src\Sample.Hotel.Commands\Sample.Hotel.Commands.csproj", "{7C442E4E-A061-4880-AC6A-314BFB041436}"
EndProject
Project("{FAE04EC0-301F-11D3-BF4B-00C04F79EFBC}") = "Sample.Hotel.Events", "src\Sample.Hotel.Events\Sample.Hotel.Events.csproj", "{D997EA20-B930-433D-A156-2EB9408FB34C}"
EndProject
Global
	GlobalSection(SolutionConfigurationPlatforms) = preSolution
		Debug|Any CPU = Debug|Any CPU
		Release|Any CPU = Release|Any CPU
	EndGlobalSection
	GlobalSection(ProjectConfigurationPlatforms) = postSolution
		{AF570556-715D-4DA0-9758-3834100520FA}.Debug|Any CPU.ActiveCfg = Debug|Any CPU
		{AF570556-715D-4DA0-9758-3834100520FA}.Debug|Any CPU.Build.0 = Debug|Any CPU
		{AF570556-715D-4DA0-9758-3834100520FA}.Release|Any CPU.ActiveCfg = Release|Any CPU
		{AF570556-715D-4DA0-9758-3834100520FA}.Release|Any CPU.Build.0 = Release|Any CPU
		{978E5C4D-8279-4180-B3F5-15B4EDA52974}.Debug|Any CPU.ActiveCfg = Debug|Any CPU
		{978E5C4D-8279-4180-B3F5-15B4EDA52974}.Debug|Any CPU.Build.0 = Debug|Any CPU
		{978E5C4D-8279-4180-B3F5-15B4EDA52974}.Release|Any CPU.ActiveCfg = Release|Any CPU
		{978E5C4D-8279-4180-B3F5-15B4EDA52974}.Release|Any CPU.Build.0 = Release|Any CPU
		{AA69FB76-EFA6-454B-B81C-963F5953DEDA}.Debug|Any CPU.ActiveCfg = Debug|Any CPU
		{AA69FB76-EFA6-454B-B81C-963F5953DEDA}.Debug|Any CPU.Build.0 = Debug|Any CPU
		{AA69FB76-EFA6-454B-B81C-963F5953DEDA}.Release|Any CPU.ActiveCfg = Release|Any CPU
		{AA69FB76-EFA6-454B-B81C-963F5953DEDA}.Release|Any CPU.Build.0 = Release|Any CPU
		{EC31DCDE-BB65-4272-B34E-43D416EB35C8}.Debug|Any CPU.ActiveCfg = Debug|Any CPU
		{EC31DCDE-BB65-4272-B34E-43D416EB35C8}.Debug|Any CPU.Build.0 = Debug|Any CPU
		{EC31DCDE-BB65-4272-B34E-43D416EB35C8}.Release|Any CPU.ActiveCfg = Release|Any CPU
		{EC31DCDE-BB65-4272-B34E-43D416EB35C8}.Release|Any CPU.Build.0 = Release|Any CPU
		{FD308FC8-1B3F-4D2B-A52E-A29203FDB9F5}.Debug|Any CPU.ActiveCfg = Debug|Any CPU
		{FD308FC8-1B3F-4D2B-A52E-A29203FDB9F5}.Debug|Any CPU.Build.0 = Debug|Any CPU
		{FD308FC8-1B3F-4D2B-A52E-A29203FDB9F5}.Release|Any CPU.ActiveCfg = Release|Any CPU
		{FD308FC8-1B3F-4D2B-A52E-A29203FDB9F5}.Release|Any CPU.Build.0 = Release|Any CPU
		{82B44FA0-FD16-40B3-B4A6-5409FEE1B9AC}.Debug|Any CPU.ActiveCfg = Debug|Any CPU
		{82B44FA0-FD16-40B3-B4A6-5409FEE1B9AC}.Debug|Any CPU.Build.0 = Debug|Any CPU
		{82B44FA0-FD16-40B3-B4A6-5409FEE1B9AC}.Release|Any CPU.ActiveCfg = Release|Any CPU
		{82B44FA0-FD16-40B3-B4A6-5409FEE1B9AC}.Release|Any CPU.Build.0 = Release|Any CPU
		{9EEF796F-8D69-4C3D-BA05-2BA855DC1EF2}.Debug|Any CPU.ActiveCfg = Debug|Any CPU
		{9EEF796F-8D69-4C3D-BA05-2BA855DC1EF2}.Debug|Any CPU.Build.0 = Debug|Any CPU
		{9EEF796F-8D69-4C3D-BA05-2BA855DC1EF2}.Release|Any CPU.ActiveCfg = Release|Any CPU
		{9EEF796F-8D69-4C3D-BA05-2BA855DC1EF2}.Release|Any CPU.Build.0 = Release|Any CPU
		{756F9155-22C8-4AA9-A677-21A7C91EAC59}.Debug|Any CPU.ActiveCfg = Debug|Any CPU
		{756F9155-22C8-4AA9-A677-21A7C91EAC59}.Debug|Any CPU.Build.0 = Debug|Any CPU
		{756F9155-22C8-4AA9-A677-21A7C91EAC59}.Release|Any CPU.ActiveCfg = Release|Any CPU
		{756F9155-22C8-4AA9-A677-21A7C91EAC59}.Release|Any CPU.Build.0 = Release|Any CPU
		{1BCB0772-0139-4D00-B2AA-8672FDA42823}.Debug|Any CPU.ActiveCfg = Debug|Any CPU
		{1BCB0772-0139-4D00-B2AA-8672FDA42823}.Debug|Any CPU.Build.0 = Debug|Any CPU
		{1BCB0772-0139-4D00-B2AA-8672FDA42823}.Release|Any CPU.ActiveCfg = Release|Any CPU
		{1BCB0772-0139-4D00-B2AA-8672FDA42823}.Release|Any CPU.Build.0 = Release|Any CPU
		{9942B246-C4CB-4C08-9B4E-02912F6AB7C7}.Debug|Any CPU.ActiveCfg = Debug|Any CPU
		{9942B246-C4CB-4C08-9B4E-02912F6AB7C7}.Debug|Any CPU.Build.0 = Debug|Any CPU
		{9942B246-C4CB-4C08-9B4E-02912F6AB7C7}.Release|Any CPU.ActiveCfg = Release|Any CPU
		{9942B246-C4CB-4C08-9B4E-02912F6AB7C7}.Release|Any CPU.Build.0 = Release|Any CPU
		{52DC8C19-264B-4CD3-90AF-BF36DF94AFE9}.Debug|Any CPU.ActiveCfg = Debug|Any CPU
		{52DC8C19-264B-4CD3-90AF-BF36DF94AFE9}.Debug|Any CPU.Build.0 = Debug|Any CPU
		{52DC8C19-264B-4CD3-90AF-BF36DF94AFE9}.Release|Any CPU.ActiveCfg = Release|Any CPU
		{52DC8C19-264B-4CD3-90AF-BF36DF94AFE9}.Release|Any CPU.Build.0 = Release|Any CPU
		{E52FF343-AE06-4500-BC65-E36960F48773}.Debug|Any CPU.ActiveCfg = Debug|Any CPU
		{E52FF343-AE06-4500-BC65-E36960F48773}.Debug|Any CPU.Build.0 = Debug|Any CPU
		{E52FF343-AE06-4500-BC65-E36960F48773}.Release|Any CPU.ActiveCfg = Release|Any CPU
		{E52FF343-AE06-4500-BC65-E36960F48773}.Release|Any CPU.Build.0 = Release|Any CPU
		{2AFD335E-9119-4E92-83E5-DBEBF187F61D}.Debug|Any CPU.ActiveCfg = Debug|Any CPU
		{2AFD335E-9119-4E92-83E5-DBEBF187F61D}.Debug|Any CPU.Build.0 = Debug|Any CPU
		{2AFD335E-9119-4E92-83E5-DBEBF187F61D}.Release|Any CPU.ActiveCfg = Release|Any CPU
		{2AFD335E-9119-4E92-83E5-DBEBF187F61D}.Release|Any CPU.Build.0 = Release|Any CPU
		{91A4421C-93E1-439D-A786-4E8FEBC5FCD7}.Debug|Any CPU.ActiveCfg = Debug|Any CPU
		{91A4421C-93E1-439D-A786-4E8FEBC5FCD7}.Debug|Any CPU.Build.0 = Debug|Any CPU
		{91A4421C-93E1-439D-A786-4E8FEBC5FCD7}.Release|Any CPU.ActiveCfg = Release|Any CPU
		{91A4421C-93E1-439D-A786-4E8FEBC5FCD7}.Release|Any CPU.Build.0 = Release|Any CPU
		{3BF54949-91BB-41EA-88AB-35BB6701F19F}.Debug|Any CPU.ActiveCfg = Debug|Any CPU
		{3BF54949-91BB-41EA-88AB-35BB6701F19F}.Debug|Any CPU.Build.0 = Debug|Any CPU
		{3BF54949-91BB-41EA-88AB-35BB6701F19F}.Release|Any CPU.ActiveCfg = Release|Any CPU
		{3BF54949-91BB-41EA-88AB-35BB6701F19F}.Release|Any CPU.Build.0 = Release|Any CPU
		{826A884A-8159-4BD0-A67D-5AA35C064035}.Debug|Any CPU.ActiveCfg = Debug|Any CPU
		{826A884A-8159-4BD0-A67D-5AA35C064035}.Debug|Any CPU.Build.0 = Debug|Any CPU
		{826A884A-8159-4BD0-A67D-5AA35C064035}.Release|Any CPU.ActiveCfg = Release|Any CPU
		{826A884A-8159-4BD0-A67D-5AA35C064035}.Release|Any CPU.Build.0 = Release|Any CPU
		{82D4C776-4578-48AE-91AD-184B11C30FDC}.Debug|Any CPU.ActiveCfg = Debug|Any CPU
		{82D4C776-4578-48AE-91AD-184B11C30FDC}.Debug|Any CPU.Build.0 = Debug|Any CPU
		{82D4C776-4578-48AE-91AD-184B11C30FDC}.Release|Any CPU.ActiveCfg = Release|Any CPU
		{82D4C776-4578-48AE-91AD-184B11C30FDC}.Release|Any CPU.Build.0 = Release|Any CPU
		{E997616A-BA78-409B-9873-879E77C72D33}.Debug|Any CPU.ActiveCfg = Debug|Any CPU
		{E997616A-BA78-409B-9873-879E77C72D33}.Debug|Any CPU.Build.0 = Debug|Any CPU
		{E997616A-BA78-409B-9873-879E77C72D33}.Release|Any CPU.ActiveCfg = Release|Any CPU
		{E997616A-BA78-409B-9873-879E77C72D33}.Release|Any CPU.Build.0 = Release|Any CPU
		{DC21CA83-44CE-4848-8253-68F42D4AC8C9}.Debug|Any CPU.ActiveCfg = Debug|Any CPU
		{DC21CA83-44CE-4848-8253-68F42D4AC8C9}.Debug|Any CPU.Build.0 = Debug|Any CPU
		{DC21CA83-44CE-4848-8253-68F42D4AC8C9}.Release|Any CPU.ActiveCfg = Release|Any CPU
		{DC21CA83-44CE-4848-8253-68F42D4AC8C9}.Release|Any CPU.Build.0 = Release|Any CPU
		{9C6AE69D-823A-4134-8560-9E4FB8778ABB}.Debug|Any CPU.ActiveCfg = Debug|Any CPU
		{9C6AE69D-823A-4134-8560-9E4FB8778ABB}.Debug|Any CPU.Build.0 = Debug|Any CPU
		{9C6AE69D-823A-4134-8560-9E4FB8778ABB}.Release|Any CPU.ActiveCfg = Release|Any CPU
		{9C6AE69D-823A-4134-8560-9E4FB8778ABB}.Release|Any CPU.Build.0 = Release|Any CPU
		{0508C011-0DCF-4A3C-8F06-6A63FD18175C}.Debug|Any CPU.ActiveCfg = Debug|Any CPU
		{0508C011-0DCF-4A3C-8F06-6A63FD18175C}.Debug|Any CPU.Build.0 = Debug|Any CPU
		{0508C011-0DCF-4A3C-8F06-6A63FD18175C}.Release|Any CPU.ActiveCfg = Release|Any CPU
		{0508C011-0DCF-4A3C-8F06-6A63FD18175C}.Release|Any CPU.Build.0 = Release|Any CPU
		{2B9BBBD6-8824-42CE-BED1-C01BC7EA8F4A}.Debug|Any CPU.ActiveCfg = Debug|Any CPU
		{2B9BBBD6-8824-42CE-BED1-C01BC7EA8F4A}.Debug|Any CPU.Build.0 = Debug|Any CPU
		{2B9BBBD6-8824-42CE-BED1-C01BC7EA8F4A}.Release|Any CPU.ActiveCfg = Release|Any CPU
		{2B9BBBD6-8824-42CE-BED1-C01BC7EA8F4A}.Release|Any CPU.Build.0 = Release|Any CPU
		{E77D77DC-CC64-4040-A2D0-04482E848EFD}.Debug|Any CPU.ActiveCfg = Debug|Any CPU
		{E77D77DC-CC64-4040-A2D0-04482E848EFD}.Debug|Any CPU.Build.0 = Debug|Any CPU
		{E77D77DC-CC64-4040-A2D0-04482E848EFD}.Release|Any CPU.ActiveCfg = Release|Any CPU
		{E77D77DC-CC64-4040-A2D0-04482E848EFD}.Release|Any CPU.Build.0 = Release|Any CPU
		{92B80D19-7C5C-414A-960D-10AF94345471}.Debug|Any CPU.ActiveCfg = Debug|Any CPU
		{92B80D19-7C5C-414A-960D-10AF94345471}.Debug|Any CPU.Build.0 = Debug|Any CPU
		{92B80D19-7C5C-414A-960D-10AF94345471}.Release|Any CPU.ActiveCfg = Release|Any CPU
		{92B80D19-7C5C-414A-960D-10AF94345471}.Release|Any CPU.Build.0 = Release|Any CPU
		{69A4CD39-07C2-4EE6-B966-A8480EE43D1B}.Debug|Any CPU.ActiveCfg = Debug|Any CPU
		{69A4CD39-07C2-4EE6-B966-A8480EE43D1B}.Debug|Any CPU.Build.0 = Debug|Any CPU
		{69A4CD39-07C2-4EE6-B966-A8480EE43D1B}.Release|Any CPU.ActiveCfg = Release|Any CPU
		{69A4CD39-07C2-4EE6-B966-A8480EE43D1B}.Release|Any CPU.Build.0 = Release|Any CPU
		{DF404C02-AFA9-4EBE-840D-C49D255146F1}.Debug|Any CPU.ActiveCfg = Debug|Any CPU
		{DF404C02-AFA9-4EBE-840D-C49D255146F1}.Debug|Any CPU.Build.0 = Debug|Any CPU
		{DF404C02-AFA9-4EBE-840D-C49D255146F1}.Release|Any CPU.ActiveCfg = Release|Any CPU
		{DF404C02-AFA9-4EBE-840D-C49D255146F1}.Release|Any CPU.Build.0 = Release|Any CPU
		{A4589798-53AF-4C9C-B657-1E871D957F27}.Debug|Any CPU.ActiveCfg = Debug|Any CPU
		{A4589798-53AF-4C9C-B657-1E871D957F27}.Debug|Any CPU.Build.0 = Debug|Any CPU
		{A4589798-53AF-4C9C-B657-1E871D957F27}.Release|Any CPU.ActiveCfg = Release|Any CPU
		{A4589798-53AF-4C9C-B657-1E871D957F27}.Release|Any CPU.Build.0 = Release|Any CPU
		{1C9901A8-0B49-4528-9750-72D65D44E260}.Debug|Any CPU.ActiveCfg = Debug|Any CPU
		{1C9901A8-0B49-4528-9750-72D65D44E260}.Debug|Any CPU.Build.0 = Debug|Any CPU
		{1C9901A8-0B49-4528-9750-72D65D44E260}.Release|Any CPU.ActiveCfg = Release|Any CPU
		{1C9901A8-0B49-4528-9750-72D65D44E260}.Release|Any CPU.Build.0 = Release|Any CPU
		{33D5FB57-6362-4C28-A8F9-B70C7FEEFDE2}.Debug|Any CPU.ActiveCfg = Debug|Any CPU
		{33D5FB57-6362-4C28-A8F9-B70C7FEEFDE2}.Debug|Any CPU.Build.0 = Debug|Any CPU
		{33D5FB57-6362-4C28-A8F9-B70C7FEEFDE2}.Release|Any CPU.ActiveCfg = Release|Any CPU
		{33D5FB57-6362-4C28-A8F9-B70C7FEEFDE2}.Release|Any CPU.Build.0 = Release|Any CPU
		{7C442E4E-A061-4880-AC6A-314BFB041436}.Debug|Any CPU.ActiveCfg = Debug|Any CPU
		{7C442E4E-A061-4880-AC6A-314BFB041436}.Debug|Any CPU.Build.0 = Debug|Any CPU
		{7C442E4E-A061-4880-AC6A-314BFB041436}.Release|Any CPU.ActiveCfg = Release|Any CPU
		{7C442E4E-A061-4880-AC6A-314BFB041436}.Release|Any CPU.Build.0 = Release|Any CPU
		{D997EA20-B930-433D-A156-2EB9408FB34C}.Debug|Any CPU.ActiveCfg = Debug|Any CPU
		{D997EA20-B930-433D-A156-2EB9408FB34C}.Debug|Any CPU.Build.0 = Debug|Any CPU
		{D997EA20-B930-433D-A156-2EB9408FB34C}.Release|Any CPU.ActiveCfg = Release|Any CPU
		{D997EA20-B930-433D-A156-2EB9408FB34C}.Release|Any CPU.Build.0 = Release|Any CPU
	EndGlobalSection
	GlobalSection(SolutionProperties) = preSolution
		HideSolutionNode = FALSE
	EndGlobalSection
	GlobalSection(NestedProjects) = preSolution
		{F3553D96-6EE2-4F54-8299-8B166DA4FE0D} = {9E653BCC-D992-44D4-BA54-1279D88188B6}
		{71A4C664-2972-4143-95A8-FDF25D631A48} = {9E653BCC-D992-44D4-BA54-1279D88188B6}
		{A9A243F4-C14F-4B2B-9459-C93454A8CDA9} = {9E653BCC-D992-44D4-BA54-1279D88188B6}
		{4311E281-DC20-400C-BD0A-B582D711B873} = {9E653BCC-D992-44D4-BA54-1279D88188B6}
		{AF570556-715D-4DA0-9758-3834100520FA} = {A9A243F4-C14F-4B2B-9459-C93454A8CDA9}
		{978E5C4D-8279-4180-B3F5-15B4EDA52974} = {A9A243F4-C14F-4B2B-9459-C93454A8CDA9}
		{AA69FB76-EFA6-454B-B81C-963F5953DEDA} = {F3553D96-6EE2-4F54-8299-8B166DA4FE0D}
		{EC31DCDE-BB65-4272-B34E-43D416EB35C8} = {F3553D96-6EE2-4F54-8299-8B166DA4FE0D}
		{FD308FC8-1B3F-4D2B-A52E-A29203FDB9F5} = {049423B0-3979-42A7-9263-553B643781D4}
		{82B44FA0-FD16-40B3-B4A6-5409FEE1B9AC} = {049423B0-3979-42A7-9263-553B643781D4}
		{9EEF796F-8D69-4C3D-BA05-2BA855DC1EF2} = {C4FD0811-3BFB-4D65-A72F-53D7C2239E23}
		{756F9155-22C8-4AA9-A677-21A7C91EAC59} = {C4FD0811-3BFB-4D65-A72F-53D7C2239E23}
		{049423B0-3979-42A7-9263-553B643781D4} = {24DB7795-B6FB-44C0-AA13-742D97319800}
		{C4FD0811-3BFB-4D65-A72F-53D7C2239E23} = {24DB7795-B6FB-44C0-AA13-742D97319800}
		{2945B7BB-FBAA-4A2A-A140-E8BC0A24A094} = {24DB7795-B6FB-44C0-AA13-742D97319800}
		{1BCB0772-0139-4D00-B2AA-8672FDA42823} = {4311E281-DC20-400C-BD0A-B582D711B873}
		{9942B246-C4CB-4C08-9B4E-02912F6AB7C7} = {2945B7BB-FBAA-4A2A-A140-E8BC0A24A094}
		{52DC8C19-264B-4CD3-90AF-BF36DF94AFE9} = {71A4C664-2972-4143-95A8-FDF25D631A48}
		{E52FF343-AE06-4500-BC65-E36960F48773} = {2945B7BB-FBAA-4A2A-A140-E8BC0A24A094}
		{2AFD335E-9119-4E92-83E5-DBEBF187F61D} = {F3553D96-6EE2-4F54-8299-8B166DA4FE0D}
		{91A4421C-93E1-439D-A786-4E8FEBC5FCD7} = {4311E281-DC20-400C-BD0A-B582D711B873}
		{B35DA01B-0E84-400D-A957-CA11B3CB5C50} = {86B599DF-A3DC-4193-A6A9-59CE0D3AA908}
		{79BB727B-1698-424A-985B-16BDA7D8855A} = {86B599DF-A3DC-4193-A6A9-59CE0D3AA908}
		{0156638B-EB92-4391-9D02-5E7749F79901} = {B35DA01B-0E84-400D-A957-CA11B3CB5C50}
		{9EB9E47C-9538-4D7B-8BBD-BC93EFE3ABA0} = {B35DA01B-0E84-400D-A957-CA11B3CB5C50}
		{42219286-9793-4886-8B38-74E6F77E341C} = {B35DA01B-0E84-400D-A957-CA11B3CB5C50}
		{F10D6952-B590-4052-8E10-F72573F0541D} = {79BB727B-1698-424A-985B-16BDA7D8855A}
		{21695122-BDFE-4224-9525-B90E2BC2233C} = {79BB727B-1698-424A-985B-16BDA7D8855A}
		{62DF82EE-A073-4223-A9E5-3D5191BDE460} = {79BB727B-1698-424A-985B-16BDA7D8855A}
		{3BF54949-91BB-41EA-88AB-35BB6701F19F} = {0156638B-EB92-4391-9D02-5E7749F79901}
		{826A884A-8159-4BD0-A67D-5AA35C064035} = {0156638B-EB92-4391-9D02-5E7749F79901}
		{82D4C776-4578-48AE-91AD-184B11C30FDC} = {9EB9E47C-9538-4D7B-8BBD-BC93EFE3ABA0}
		{E997616A-BA78-409B-9873-879E77C72D33} = {42219286-9793-4886-8B38-74E6F77E341C}
		{DC21CA83-44CE-4848-8253-68F42D4AC8C9} = {42219286-9793-4886-8B38-74E6F77E341C}
		{9C6AE69D-823A-4134-8560-9E4FB8778ABB} = {F10D6952-B590-4052-8E10-F72573F0541D}
		{0508C011-0DCF-4A3C-8F06-6A63FD18175C} = {F10D6952-B590-4052-8E10-F72573F0541D}
		{2B9BBBD6-8824-42CE-BED1-C01BC7EA8F4A} = {21695122-BDFE-4224-9525-B90E2BC2233C}
		{E77D77DC-CC64-4040-A2D0-04482E848EFD} = {62DF82EE-A073-4223-A9E5-3D5191BDE460}
		{92B80D19-7C5C-414A-960D-10AF94345471} = {62DF82EE-A073-4223-A9E5-3D5191BDE460}
		{24DB7795-B6FB-44C0-AA13-742D97319800} = {86B599DF-A3DC-4193-A6A9-59CE0D3AA908}
		{FE0FBD55-57AF-4686-8E71-D7FC5FD02F81} = {86B599DF-A3DC-4193-A6A9-59CE0D3AA908}
		{B1D98FE5-84D5-4DF8-80F8-DF49A32E3665} = {86B599DF-A3DC-4193-A6A9-59CE0D3AA908}
		{69A4CD39-07C2-4EE6-B966-A8480EE43D1B} = {FE0FBD55-57AF-4686-8E71-D7FC5FD02F81}
		{DF404C02-AFA9-4EBE-840D-C49D255146F1} = {B1D98FE5-84D5-4DF8-80F8-DF49A32E3665}
		{A4589798-53AF-4C9C-B657-1E871D957F27} = {FE0FBD55-57AF-4686-8E71-D7FC5FD02F81}
		{1C9901A8-0B49-4528-9750-72D65D44E260} = {0156638B-EB92-4391-9D02-5E7749F79901}
		{33D5FB57-6362-4C28-A8F9-B70C7FEEFDE2} = {0156638B-EB92-4391-9D02-5E7749F79901}
		{7C442E4E-A061-4880-AC6A-314BFB041436} = {F10D6952-B590-4052-8E10-F72573F0541D}
		{D997EA20-B930-433D-A156-2EB9408FB34C} = {F10D6952-B590-4052-8E10-F72573F0541D}
	EndGlobalSection
	GlobalSection(ExtensibilityGlobals) = postSolution
		SolutionGuid = {CEB4F9A4-FE35-4F6F-9543-265AF7C84D23}
	EndGlobalSection
EndGlobal
